// !$*UTF8*$!
{
	archiveVersion = 1;
	classes = {
	};
	objectVersion = 46;
	objects = {

/* Begin PBXBuildFile section */
		A1494AE51E25970C00286EBF /* 01_Takbir.txt in Resources */ = {isa = PBXBuildFile; fileRef = A1494AE41E25970C00286EBF /* 01_Takbir.txt */; };
		A16484D31E243898008EC78C /* Images.xcassets in Resources */ = {isa = PBXBuildFile; fileRef = A16484BE1E243898008EC78C /* Images.xcassets */; };
		A16484D41E243898008EC78C /* AppDelegate.swift in Sources */ = {isa = PBXBuildFile; fileRef = A16484C01E243898008EC78C /* AppDelegate.swift */; };
		A16484D51E243898008EC78C /* ViewController.swift in Sources */ = {isa = PBXBuildFile; fileRef = A16484C11E243898008EC78C /* ViewController.swift */; };
		A16484D71E243898008EC78C /* LaunchScreen.storyboard in Resources */ = {isa = PBXBuildFile; fileRef = A16484C51E243898008EC78C /* LaunchScreen.storyboard */; };
		A16484D81E243898008EC78C /* Main.storyboard in Resources */ = {isa = PBXBuildFile; fileRef = A16484C71E243898008EC78C /* Main.storyboard */; };
		A16484DD1E2438A2008EC78C /* PrayerUITests.swift in Sources */ = {isa = PBXBuildFile; fileRef = A16484D01E243898008EC78C /* PrayerUITests.swift */; };
		A16484DE1E2438AA008EC78C /* PrayerTests.swift in Sources */ = {isa = PBXBuildFile; fileRef = A16484CB1E243898008EC78C /* PrayerTests.swift */; };
		A16484E31E243AAC008EC78C /* Prayer.swift in Sources */ = {isa = PBXBuildFile; fileRef = A16484E21E243AAC008EC78C /* Prayer.swift */; };
		A16484E51E243B5F008EC78C /* Rakah.swift in Sources */ = {isa = PBXBuildFile; fileRef = A16484E41E243B5F008EC78C /* Rakah.swift */; };
		A16484E71E25503C008EC78C /* RakahComponent.swift in Sources */ = {isa = PBXBuildFile; fileRef = A16484E61E25503C008EC78C /* RakahComponent.swift */; };
/* End PBXBuildFile section */

/* Begin PBXContainerItemProxy section */
		A16484A01E243834008EC78C /* PBXContainerItemProxy */ = {
			isa = PBXContainerItemProxy;
			containerPortal = A16484831E243834008EC78C /* Project object */;
			proxyType = 1;
			remoteGlobalIDString = A164848A1E243834008EC78C;
			remoteInfo = Prayer;
		};
		A16484AB1E243834008EC78C /* PBXContainerItemProxy */ = {
			isa = PBXContainerItemProxy;
			containerPortal = A16484831E243834008EC78C /* Project object */;
			proxyType = 1;
			remoteGlobalIDString = A164848A1E243834008EC78C;
			remoteInfo = Prayer;
		};
/* End PBXContainerItemProxy section */

/* Begin PBXFileReference section */
		A1494AE41E25970C00286EBF /* 01_Takbir.txt */ = {isa = PBXFileReference; fileEncoding = 4; lastKnownFileType = text; path = 01_Takbir.txt; sourceTree = "<group>"; };
		A164848B1E243834008EC78C /* Prayer.app */ = {isa = PBXFileReference; explicitFileType = wrapper.application; includeInIndex = 0; path = Prayer.app; sourceTree = BUILT_PRODUCTS_DIR; };
		A164849F1E243834008EC78C /* PrayerTests.xctest */ = {isa = PBXFileReference; explicitFileType = wrapper.cfbundle; includeInIndex = 0; path = PrayerTests.xctest; sourceTree = BUILT_PRODUCTS_DIR; };
		A16484AA1E243834008EC78C /* PrayerUITests.xctest */ = {isa = PBXFileReference; explicitFileType = wrapper.cfbundle; includeInIndex = 0; path = PrayerUITests.xctest; sourceTree = BUILT_PRODUCTS_DIR; };
		A16484BE1E243898008EC78C /* Images.xcassets */ = {isa = PBXFileReference; lastKnownFileType = folder.assetcatalog; path = Images.xcassets; sourceTree = "<group>"; };
		A16484C01E243898008EC78C /* AppDelegate.swift */ = {isa = PBXFileReference; fileEncoding = 4; lastKnownFileType = sourcecode.swift; path = AppDelegate.swift; sourceTree = "<group>"; };
		A16484C11E243898008EC78C /* ViewController.swift */ = {isa = PBXFileReference; fileEncoding = 4; lastKnownFileType = sourcecode.swift; path = ViewController.swift; sourceTree = "<group>"; };
		A16484C31E243898008EC78C /* Info.plist */ = {isa = PBXFileReference; fileEncoding = 4; lastKnownFileType = text.plist.xml; path = Info.plist; sourceTree = "<group>"; };
		A16484C61E243898008EC78C /* Base */ = {isa = PBXFileReference; lastKnownFileType = file.storyboard; name = Base; path = Base.lproj/LaunchScreen.storyboard; sourceTree = "<group>"; };
		A16484C81E243898008EC78C /* Base */ = {isa = PBXFileReference; lastKnownFileType = file.storyboard; name = Base; path = Base.lproj/Main.storyboard; sourceTree = "<group>"; };
		A16484CB1E243898008EC78C /* PrayerTests.swift */ = {isa = PBXFileReference; fileEncoding = 4; lastKnownFileType = sourcecode.swift; path = PrayerTests.swift; sourceTree = "<group>"; };
		A16484CD1E243898008EC78C /* Info.plist */ = {isa = PBXFileReference; fileEncoding = 4; lastKnownFileType = text.plist.xml; path = Info.plist; sourceTree = "<group>"; };
		A16484D01E243898008EC78C /* PrayerUITests.swift */ = {isa = PBXFileReference; fileEncoding = 4; lastKnownFileType = sourcecode.swift; path = PrayerUITests.swift; sourceTree = "<group>"; };
		A16484D21E243898008EC78C /* Info.plist */ = {isa = PBXFileReference; fileEncoding = 4; lastKnownFileType = text.plist.xml; path = Info.plist; sourceTree = "<group>"; };
		A16484E21E243AAC008EC78C /* Prayer.swift */ = {isa = PBXFileReference; fileEncoding = 4; lastKnownFileType = sourcecode.swift; path = Prayer.swift; sourceTree = "<group>"; };
		A16484E41E243B5F008EC78C /* Rakah.swift */ = {isa = PBXFileReference; fileEncoding = 4; lastKnownFileType = sourcecode.swift; path = Rakah.swift; sourceTree = "<group>"; };
		A16484E61E25503C008EC78C /* RakahComponent.swift */ = {isa = PBXFileReference; fileEncoding = 4; lastKnownFileType = sourcecode.swift; path = RakahComponent.swift; sourceTree = "<group>"; };
/* End PBXFileReference section */

/* Begin PBXFrameworksBuildPhase section */
		A16484881E243834008EC78C /* Frameworks */ = {
			isa = PBXFrameworksBuildPhase;
			buildActionMask = 2147483647;
			files = (
			);
			runOnlyForDeploymentPostprocessing = 0;
		};
		A164849C1E243834008EC78C /* Frameworks */ = {
			isa = PBXFrameworksBuildPhase;
			buildActionMask = 2147483647;
			files = (
			);
			runOnlyForDeploymentPostprocessing = 0;
		};
		A16484A71E243834008EC78C /* Frameworks */ = {
			isa = PBXFrameworksBuildPhase;
			buildActionMask = 2147483647;
			files = (
			);
			runOnlyForDeploymentPostprocessing = 0;
		};
/* End PBXFrameworksBuildPhase section */

/* Begin PBXGroup section */
		A1494AE31E2596B200286EBF /* SpokenTexts */ = {
			isa = PBXGroup;
			children = (
				A1494AE41E25970C00286EBF /* 01_Takbir.txt */,
			);
			path = SpokenTexts;
			sourceTree = "<group>";
		};
		A16484821E243834008EC78C = {
			isa = PBXGroup;
			children = (
				A16484BC1E243898008EC78C /* Sources */,
				A16484C91E243898008EC78C /* Tests */,
				A16484CE1E243898008EC78C /* UI Tests */,
				A164848C1E243834008EC78C /* Products */,
			);
			sourceTree = "<group>";
		};
		A164848C1E243834008EC78C /* Products */ = {
			isa = PBXGroup;
			children = (
				A164848B1E243834008EC78C /* Prayer.app */,
				A164849F1E243834008EC78C /* PrayerTests.xctest */,
				A16484AA1E243834008EC78C /* PrayerUITests.xctest */,
			);
			name = Products;
			sourceTree = "<group>";
		};
		A16484BC1E243898008EC78C /* Sources */ = {
			isa = PBXGroup;
			children = (
				A16484BF1E243898008EC78C /* Code */,
				A16484BD1E243898008EC78C /* Assets */,
				A16484C41E243898008EC78C /* User Interface */,
				A16484C21E243898008EC78C /* Supporting Files */,
			);
			path = Sources;
			sourceTree = "<group>";
		};
		A16484BD1E243898008EC78C /* Assets */ = {
			isa = PBXGroup;
			children = (
				A1494AE31E2596B200286EBF /* SpokenTexts */,
				A16484BE1E243898008EC78C /* Images.xcassets */,
			);
			path = Assets;
			sourceTree = "<group>";
		};
		A16484BF1E243898008EC78C /* Code */ = {
			isa = PBXGroup;
			children = (
				A16484DF1E243A81008EC78C /* Model */,
				A16484E01E243A89008EC78C /* View */,
				A16484E11E243A8D008EC78C /* Controller */,
				A16484C01E243898008EC78C /* AppDelegate.swift */,
				A16484C11E243898008EC78C /* ViewController.swift */,
			);
			path = Code;
			sourceTree = "<group>";
		};
		A16484C21E243898008EC78C /* Supporting Files */ = {
			isa = PBXGroup;
			children = (
				A16484C31E243898008EC78C /* Info.plist */,
			);
			path = "Supporting Files";
			sourceTree = "<group>";
		};
		A16484C41E243898008EC78C /* User Interface */ = {
			isa = PBXGroup;
			children = (
				A16484C51E243898008EC78C /* LaunchScreen.storyboard */,
				A16484C71E243898008EC78C /* Main.storyboard */,
			);
			path = "User Interface";
			sourceTree = "<group>";
		};
		A16484C91E243898008EC78C /* Tests */ = {
			isa = PBXGroup;
			children = (
				A16484CA1E243898008EC78C /* Code */,
				A16484CC1E243898008EC78C /* Supporting Files */,
			);
			path = Tests;
			sourceTree = "<group>";
		};
		A16484CA1E243898008EC78C /* Code */ = {
			isa = PBXGroup;
			children = (
				A16484CB1E243898008EC78C /* PrayerTests.swift */,
			);
			path = Code;
			sourceTree = "<group>";
		};
		A16484CC1E243898008EC78C /* Supporting Files */ = {
			isa = PBXGroup;
			children = (
				A16484CD1E243898008EC78C /* Info.plist */,
			);
			path = "Supporting Files";
			sourceTree = "<group>";
		};
		A16484CE1E243898008EC78C /* UI Tests */ = {
			isa = PBXGroup;
			children = (
				A16484CF1E243898008EC78C /* Code */,
				A16484D11E243898008EC78C /* Supporting Files */,
			);
			path = "UI Tests";
			sourceTree = "<group>";
		};
		A16484CF1E243898008EC78C /* Code */ = {
			isa = PBXGroup;
			children = (
				A16484D01E243898008EC78C /* PrayerUITests.swift */,
			);
			path = Code;
			sourceTree = "<group>";
		};
		A16484D11E243898008EC78C /* Supporting Files */ = {
			isa = PBXGroup;
			children = (
				A16484D21E243898008EC78C /* Info.plist */,
			);
			path = "Supporting Files";
			sourceTree = "<group>";
		};
		A16484DF1E243A81008EC78C /* Model */ = {
			isa = PBXGroup;
			children = (
				A16484E21E243AAC008EC78C /* Prayer.swift */,
				A16484E41E243B5F008EC78C /* Rakah.swift */,
				A16484E61E25503C008EC78C /* RakahComponent.swift */,
			);
			name = Model;
			sourceTree = "<group>";
		};
		A16484E01E243A89008EC78C /* View */ = {
			isa = PBXGroup;
			children = (
			);
			name = View;
			sourceTree = "<group>";
		};
		A16484E11E243A8D008EC78C /* Controller */ = {
			isa = PBXGroup;
			children = (
			);
			name = Controller;
			sourceTree = "<group>";
		};
/* End PBXGroup section */

/* Begin PBXNativeTarget section */
		A164848A1E243834008EC78C /* Prayer */ = {
			isa = PBXNativeTarget;
			buildConfigurationList = A16484B31E243834008EC78C /* Build configuration list for PBXNativeTarget "Prayer" */;
			buildPhases = (
				A16484871E243834008EC78C /* Sources */,
				A16484881E243834008EC78C /* Frameworks */,
				A16484891E243834008EC78C /* Resources */,
			);
			buildRules = (
			);
			dependencies = (
			);
			name = Prayer;
			productName = Prayer;
			productReference = A164848B1E243834008EC78C /* Prayer.app */;
			productType = "com.apple.product-type.application";
		};
		A164849E1E243834008EC78C /* PrayerTests */ = {
			isa = PBXNativeTarget;
			buildConfigurationList = A16484B61E243834008EC78C /* Build configuration list for PBXNativeTarget "PrayerTests" */;
			buildPhases = (
				A164849B1E243834008EC78C /* Sources */,
				A164849C1E243834008EC78C /* Frameworks */,
				A164849D1E243834008EC78C /* Resources */,
			);
			buildRules = (
			);
			dependencies = (
				A16484A11E243834008EC78C /* PBXTargetDependency */,
			);
			name = PrayerTests;
			productName = PrayerTests;
			productReference = A164849F1E243834008EC78C /* PrayerTests.xctest */;
			productType = "com.apple.product-type.bundle.unit-test";
		};
		A16484A91E243834008EC78C /* PrayerUITests */ = {
			isa = PBXNativeTarget;
			buildConfigurationList = A16484B91E243834008EC78C /* Build configuration list for PBXNativeTarget "PrayerUITests" */;
			buildPhases = (
				A16484A61E243834008EC78C /* Sources */,
				A16484A71E243834008EC78C /* Frameworks */,
				A16484A81E243834008EC78C /* Resources */,
			);
			buildRules = (
			);
			dependencies = (
				A16484AC1E243834008EC78C /* PBXTargetDependency */,
			);
			name = PrayerUITests;
			productName = PrayerUITests;
			productReference = A16484AA1E243834008EC78C /* PrayerUITests.xctest */;
			productType = "com.apple.product-type.bundle.ui-testing";
		};
/* End PBXNativeTarget section */

/* Begin PBXProject section */
		A16484831E243834008EC78C /* Project object */ = {
			isa = PBXProject;
			attributes = {
				LastSwiftUpdateCheck = 0820;
				LastUpgradeCheck = 0820;
				ORGANIZATIONNAME = Flinesoft;
				TargetAttributes = {
					A164848A1E243834008EC78C = {
						CreatedOnToolsVersion = 8.2.1;
						DevelopmentTeam = 767S6EFMJ8;
						ProvisioningStyle = Automatic;
					};
					A164849E1E243834008EC78C = {
						CreatedOnToolsVersion = 8.2.1;
						DevelopmentTeam = 767S6EFMJ8;
						ProvisioningStyle = Automatic;
						TestTargetID = A164848A1E243834008EC78C;
					};
					A16484A91E243834008EC78C = {
						CreatedOnToolsVersion = 8.2.1;
						DevelopmentTeam = 767S6EFMJ8;
						ProvisioningStyle = Automatic;
						TestTargetID = A164848A1E243834008EC78C;
					};
				};
			};
			buildConfigurationList = A16484861E243834008EC78C /* Build configuration list for PBXProject "Prayer" */;
			compatibilityVersion = "Xcode 3.2";
			developmentRegion = English;
			hasScannedForEncodings = 0;
			knownRegions = (
				en,
				Base,
			);
			mainGroup = A16484821E243834008EC78C;
			productRefGroup = A164848C1E243834008EC78C /* Products */;
			projectDirPath = "";
			projectRoot = "";
			targets = (
				A164848A1E243834008EC78C /* Prayer */,
				A164849E1E243834008EC78C /* PrayerTests */,
				A16484A91E243834008EC78C /* PrayerUITests */,
			);
		};
/* End PBXProject section */

/* Begin PBXResourcesBuildPhase section */
		A16484891E243834008EC78C /* Resources */ = {
			isa = PBXResourcesBuildPhase;
			buildActionMask = 2147483647;
			files = (
				A1494AE51E25970C00286EBF /* 01_Takbir.txt in Resources */,
				A16484D71E243898008EC78C /* LaunchScreen.storyboard in Resources */,
				A16484D31E243898008EC78C /* Images.xcassets in Resources */,
				A16484D81E243898008EC78C /* Main.storyboard in Resources */,
			);
			runOnlyForDeploymentPostprocessing = 0;
		};
		A164849D1E243834008EC78C /* Resources */ = {
			isa = PBXResourcesBuildPhase;
			buildActionMask = 2147483647;
			files = (
			);
			runOnlyForDeploymentPostprocessing = 0;
		};
		A16484A81E243834008EC78C /* Resources */ = {
			isa = PBXResourcesBuildPhase;
			buildActionMask = 2147483647;
			files = (
			);
			runOnlyForDeploymentPostprocessing = 0;
		};
/* End PBXResourcesBuildPhase section */

/* Begin PBXSourcesBuildPhase section */
		A16484871E243834008EC78C /* Sources */ = {
			isa = PBXSourcesBuildPhase;
			buildActionMask = 2147483647;
			files = (
				A16484E31E243AAC008EC78C /* Prayer.swift in Sources */,
				A16484E51E243B5F008EC78C /* Rakah.swift in Sources */,
				A16484D51E243898008EC78C /* ViewController.swift in Sources */,
				A16484D41E243898008EC78C /* AppDelegate.swift in Sources */,
				A16484E71E25503C008EC78C /* RakahComponent.swift in Sources */,
			);
			runOnlyForDeploymentPostprocessing = 0;
		};
		A164849B1E243834008EC78C /* Sources */ = {
			isa = PBXSourcesBuildPhase;
			buildActionMask = 2147483647;
			files = (
				A16484DE1E2438AA008EC78C /* PrayerTests.swift in Sources */,
			);
			runOnlyForDeploymentPostprocessing = 0;
		};
		A16484A61E243834008EC78C /* Sources */ = {
			isa = PBXSourcesBuildPhase;
			buildActionMask = 2147483647;
			files = (
				A16484DD1E2438A2008EC78C /* PrayerUITests.swift in Sources */,
			);
			runOnlyForDeploymentPostprocessing = 0;
		};
/* End PBXSourcesBuildPhase section */

/* Begin PBXTargetDependency section */
		A16484A11E243834008EC78C /* PBXTargetDependency */ = {
			isa = PBXTargetDependency;
			target = A164848A1E243834008EC78C /* Prayer */;
			targetProxy = A16484A01E243834008EC78C /* PBXContainerItemProxy */;
		};
		A16484AC1E243834008EC78C /* PBXTargetDependency */ = {
			isa = PBXTargetDependency;
			target = A164848A1E243834008EC78C /* Prayer */;
			targetProxy = A16484AB1E243834008EC78C /* PBXContainerItemProxy */;
		};
/* End PBXTargetDependency section */

/* Begin PBXVariantGroup section */
		A16484C51E243898008EC78C /* LaunchScreen.storyboard */ = {
			isa = PBXVariantGroup;
			children = (
				A16484C61E243898008EC78C /* Base */,
			);
			name = LaunchScreen.storyboard;
			sourceTree = "<group>";
		};
		A16484C71E243898008EC78C /* Main.storyboard */ = {
			isa = PBXVariantGroup;
			children = (
				A16484C81E243898008EC78C /* Base */,
			);
			name = Main.storyboard;
			sourceTree = "<group>";
		};
/* End PBXVariantGroup section */

/* Begin XCBuildConfiguration section */
		A16484B11E243834008EC78C /* Debug */ = {
			isa = XCBuildConfiguration;
			buildSettings = {
				ALWAYS_SEARCH_USER_PATHS = NO;
				CLANG_ANALYZER_NONNULL = YES;
				CLANG_CXX_LANGUAGE_STANDARD = "gnu++0x";
				CLANG_CXX_LIBRARY = "libc++";
				CLANG_ENABLE_MODULES = YES;
				CLANG_ENABLE_OBJC_ARC = YES;
				CLANG_WARN_BOOL_CONVERSION = YES;
				CLANG_WARN_CONSTANT_CONVERSION = YES;
				CLANG_WARN_DIRECT_OBJC_ISA_USAGE = YES_ERROR;
				CLANG_WARN_DOCUMENTATION_COMMENTS = YES;
				CLANG_WARN_EMPTY_BODY = YES;
				CLANG_WARN_ENUM_CONVERSION = YES;
				CLANG_WARN_INFINITE_RECURSION = YES;
				CLANG_WARN_INT_CONVERSION = YES;
				CLANG_WARN_OBJC_ROOT_CLASS = YES_ERROR;
				CLANG_WARN_SUSPICIOUS_MOVE = YES;
				CLANG_WARN_UNREACHABLE_CODE = YES;
				CLANG_WARN__DUPLICATE_METHOD_MATCH = YES;
				"CODE_SIGN_IDENTITY[sdk=iphoneos*]" = "iPhone Developer";
				COPY_PHASE_STRIP = NO;
				DEBUG_INFORMATION_FORMAT = dwarf;
				ENABLE_STRICT_OBJC_MSGSEND = YES;
				ENABLE_TESTABILITY = YES;
				GCC_C_LANGUAGE_STANDARD = gnu99;
				GCC_DYNAMIC_NO_PIC = NO;
				GCC_NO_COMMON_BLOCKS = YES;
				GCC_OPTIMIZATION_LEVEL = 0;
				GCC_PREPROCESSOR_DEFINITIONS = (
					"DEBUG=1",
					"$(inherited)",
				);
				GCC_WARN_64_TO_32_BIT_CONVERSION = YES;
				GCC_WARN_ABOUT_RETURN_TYPE = YES_ERROR;
				GCC_WARN_UNDECLARED_SELECTOR = YES;
				GCC_WARN_UNINITIALIZED_AUTOS = YES_AGGRESSIVE;
				GCC_WARN_UNUSED_FUNCTION = YES;
				GCC_WARN_UNUSED_VARIABLE = YES;
				IPHONEOS_DEPLOYMENT_TARGET = 10.2;
				MTL_ENABLE_DEBUG_INFO = YES;
				ONLY_ACTIVE_ARCH = YES;
				SDKROOT = iphoneos;
				SWIFT_ACTIVE_COMPILATION_CONDITIONS = DEBUG;
				SWIFT_OPTIMIZATION_LEVEL = "-Onone";
				TARGETED_DEVICE_FAMILY = "1,2";
			};
			name = Debug;
		};
		A16484B21E243834008EC78C /* Release */ = {
			isa = XCBuildConfiguration;
			buildSettings = {
				ALWAYS_SEARCH_USER_PATHS = NO;
				CLANG_ANALYZER_NONNULL = YES;
				CLANG_CXX_LANGUAGE_STANDARD = "gnu++0x";
				CLANG_CXX_LIBRARY = "libc++";
				CLANG_ENABLE_MODULES = YES;
				CLANG_ENABLE_OBJC_ARC = YES;
				CLANG_WARN_BOOL_CONVERSION = YES;
				CLANG_WARN_CONSTANT_CONVERSION = YES;
				CLANG_WARN_DIRECT_OBJC_ISA_USAGE = YES_ERROR;
				CLANG_WARN_DOCUMENTATION_COMMENTS = YES;
				CLANG_WARN_EMPTY_BODY = YES;
				CLANG_WARN_ENUM_CONVERSION = YES;
				CLANG_WARN_INFINITE_RECURSION = YES;
				CLANG_WARN_INT_CONVERSION = YES;
				CLANG_WARN_OBJC_ROOT_CLASS = YES_ERROR;
				CLANG_WARN_SUSPICIOUS_MOVE = YES;
				CLANG_WARN_UNREACHABLE_CODE = YES;
				CLANG_WARN__DUPLICATE_METHOD_MATCH = YES;
				"CODE_SIGN_IDENTITY[sdk=iphoneos*]" = "iPhone Developer";
				COPY_PHASE_STRIP = NO;
				DEBUG_INFORMATION_FORMAT = "dwarf-with-dsym";
				ENABLE_NS_ASSERTIONS = NO;
				ENABLE_STRICT_OBJC_MSGSEND = YES;
				GCC_C_LANGUAGE_STANDARD = gnu99;
				GCC_NO_COMMON_BLOCKS = YES;
				GCC_WARN_64_TO_32_BIT_CONVERSION = YES;
				GCC_WARN_ABOUT_RETURN_TYPE = YES_ERROR;
				GCC_WARN_UNDECLARED_SELECTOR = YES;
				GCC_WARN_UNINITIALIZED_AUTOS = YES_AGGRESSIVE;
				GCC_WARN_UNUSED_FUNCTION = YES;
				GCC_WARN_UNUSED_VARIABLE = YES;
				IPHONEOS_DEPLOYMENT_TARGET = 10.2;
				MTL_ENABLE_DEBUG_INFO = NO;
				SDKROOT = iphoneos;
				SWIFT_OPTIMIZATION_LEVEL = "-Owholemodule";
				TARGETED_DEVICE_FAMILY = "1,2";
				VALIDATE_PRODUCT = YES;
			};
			name = Release;
		};
		A16484B41E243834008EC78C /* Debug */ = {
			isa = XCBuildConfiguration;
			buildSettings = {
				ASSETCATALOG_COMPILER_APPICON_NAME = AppIcon;
				DEVELOPMENT_TEAM = 767S6EFMJ8;
				INFOPLIST_FILE = "$(SRCROOT)/Sources/Supporting Files/Info.plist";
				LD_RUNPATH_SEARCH_PATHS = "$(inherited) @executable_path/Frameworks";
				PRODUCT_BUNDLE_IDENTIFIER = com.flinesoft.Prayer;
				PRODUCT_NAME = "$(TARGET_NAME)";
				SWIFT_VERSION = 3.0;
			};
			name = Debug;
		};
		A16484B51E243834008EC78C /* Release */ = {
			isa = XCBuildConfiguration;
			buildSettings = {
				ASSETCATALOG_COMPILER_APPICON_NAME = AppIcon;
				DEVELOPMENT_TEAM = 767S6EFMJ8;
				INFOPLIST_FILE = "$(SRCROOT)/Sources/Supporting Files/Info.plist";
				LD_RUNPATH_SEARCH_PATHS = "$(inherited) @executable_path/Frameworks";
				PRODUCT_BUNDLE_IDENTIFIER = com.flinesoft.Prayer;
				PRODUCT_NAME = "$(TARGET_NAME)";
				SWIFT_VERSION = 3.0;
			};
			name = Release;
		};
		A16484B71E243834008EC78C /* Debug */ = {
			isa = XCBuildConfiguration;
			buildSettings = {
				ALWAYS_EMBED_SWIFT_STANDARD_LIBRARIES = YES;
				BUNDLE_LOADER = "$(TEST_HOST)";
				DEVELOPMENT_TEAM = 767S6EFMJ8;
				INFOPLIST_FILE = "$(SRCROOT)/Tests/Supporting Files/Info.plist";
				LD_RUNPATH_SEARCH_PATHS = "$(inherited) @executable_path/Frameworks @loader_path/Frameworks";
				PRODUCT_BUNDLE_IDENTIFIER = com.flinesoft.PrayerTests;
				PRODUCT_NAME = "$(TARGET_NAME)";
				SWIFT_VERSION = 3.0;
				TEST_HOST = "$(BUILT_PRODUCTS_DIR)/Prayer.app/Prayer";
			};
			name = Debug;
		};
		A16484B81E243834008EC78C /* Release */ = {
			isa = XCBuildConfiguration;
			buildSettings = {
				ALWAYS_EMBED_SWIFT_STANDARD_LIBRARIES = YES;
				BUNDLE_LOADER = "$(TEST_HOST)";
				DEVELOPMENT_TEAM = 767S6EFMJ8;
				INFOPLIST_FILE = "$(SRCROOT)/Tests/Supporting Files/Info.plist";
				LD_RUNPATH_SEARCH_PATHS = "$(inherited) @executable_path/Frameworks @loader_path/Frameworks";
				PRODUCT_BUNDLE_IDENTIFIER = com.flinesoft.PrayerTests;
				PRODUCT_NAME = "$(TARGET_NAME)";
				SWIFT_VERSION = 3.0;
				TEST_HOST = "$(BUILT_PRODUCTS_DIR)/Prayer.app/Prayer";
			};
			name = Release;
		};
		A16484BA1E243834008EC78C /* Debug */ = {
			isa = XCBuildConfiguration;
			buildSettings = {
				ALWAYS_EMBED_SWIFT_STANDARD_LIBRARIES = YES;
				DEVELOPMENT_TEAM = 767S6EFMJ8;
				INFOPLIST_FILE = "$(SRCROOT)/UI Tests/Supporting Files/Info.plist";
				LD_RUNPATH_SEARCH_PATHS = "$(inherited) @executable_path/Frameworks @loader_path/Frameworks";
				PRODUCT_BUNDLE_IDENTIFIER = com.flinesoft.PrayerUITests;
				PRODUCT_NAME = "$(TARGET_NAME)";
				SWIFT_VERSION = 3.0;
				TEST_TARGET_NAME = Prayer;
			};
			name = Debug;
		};
		A16484BB1E243834008EC78C /* Release */ = {
			isa = XCBuildConfiguration;
			buildSettings = {
				ALWAYS_EMBED_SWIFT_STANDARD_LIBRARIES = YES;
				DEVELOPMENT_TEAM = 767S6EFMJ8;
				INFOPLIST_FILE = "$(SRCROOT)/UI Tests/Supporting Files/Info.plist";
				LD_RUNPATH_SEARCH_PATHS = "$(inherited) @executable_path/Frameworks @loader_path/Frameworks";
				PRODUCT_BUNDLE_IDENTIFIER = com.flinesoft.PrayerUITests;
				PRODUCT_NAME = "$(TARGET_NAME)";
				SWIFT_VERSION = 3.0;
				TEST_TARGET_NAME = Prayer;
			};
			name = Release;
		};
/* End XCBuildConfiguration section */

/* Begin XCConfigurationList section */
		A16484861E243834008EC78C /* Build configuration list for PBXProject "Prayer" */ = {
			isa = XCConfigurationList;
			buildConfigurations = (
				A16484B11E243834008EC78C /* Debug */,
				A16484B21E243834008EC78C /* Release */,
			);
			defaultConfigurationIsVisible = 0;
			defaultConfigurationName = Release;
		};
		A16484B31E243834008EC78C /* Build configuration list for PBXNativeTarget "Prayer" */ = {
			isa = XCConfigurationList;
			buildConfigurations = (
				A16484B41E243834008EC78C /* Debug */,
				A16484B51E243834008EC78C /* Release */,
			);
			defaultConfigurationIsVisible = 0;
			defaultConfigurationName = Release;
		};
		A16484B61E243834008EC78C /* Build configuration list for PBXNativeTarget "PrayerTests" */ = {
			isa = XCConfigurationList;
			buildConfigurations = (
				A16484B71E243834008EC78C /* Debug */,
				A16484B81E243834008EC78C /* Release */,
			);
			defaultConfigurationIsVisible = 0;
			defaultConfigurationName = Release;
		};
		A16484B91E243834008EC78C /* Build configuration list for PBXNativeTarget "PrayerUITests" */ = {
			isa = XCConfigurationList;
			buildConfigurations = (
				A16484BA1E243834008EC78C /* Debug */,
				A16484BB1E243834008EC78C /* Release */,
			);
			defaultConfigurationIsVisible = 0;
			defaultConfigurationName = Release;
		};
/* End XCConfigurationList section */
	};
	rootObject = A16484831E243834008EC78C /* Project object */;
}
