// !$*UTF8*$!
{
	archiveVersion = 1;
	classes = {
	};
	objectVersion = 46;
	objects = {

/* Begin PBXBuildFile section */
		A11830DB1E58A5F500CBE087 /* HandyUIKit.framework in Frameworks */ = {isa = PBXBuildFile; fileRef = A11830DA1E58A5F500CBE087 /* HandyUIKit.framework */; };
		A11830E31E5914B000CBE087 /* Fabric.framework in Frameworks */ = {isa = PBXBuildFile; fileRef = A11830E11E5914B000CBE087 /* Fabric.framework */; };
		A11830E41E5914B000CBE087 /* Crashlytics.framework in Frameworks */ = {isa = PBXBuildFile; fileRef = A11830E21E5914B000CBE087 /* Crashlytics.framework */; };
		A11830EB1E591EF600CBE087 /* FAQViewController.swift in Sources */ = {isa = PBXBuildFile; fileRef = A11830EA1E591EF600CBE087 /* FAQViewController.swift */; };
		A11830ED1E591F0A00CBE087 /* FAQViewModel.swift in Sources */ = {isa = PBXBuildFile; fileRef = A11830EC1E591F0A00CBE087 /* FAQViewModel.swift */; };
		A11830EF1E591FD900CBE087 /* Settings.storyboard in Resources */ = {isa = PBXBuildFile; fileRef = A11830EE1E591FD900CBE087 /* Settings.storyboard */; };
		A11830F11E5932BC00CBE087 /* FAQCollectionViewLayout.swift in Sources */ = {isa = PBXBuildFile; fileRef = A11830F01E5932BC00CBE087 /* FAQCollectionViewLayout.swift */; };
		A11830F91E59BDE200CBE087 /* FAQCollectionViewCell.swift in Sources */ = {isa = PBXBuildFile; fileRef = A11830F81E59BDE200CBE087 /* FAQCollectionViewCell.swift */; };
		A1370CD11E35831900B55D9E /* Eureka.framework in Frameworks */ = {isa = PBXBuildFile; fileRef = A1370CD01E35831900B55D9E /* Eureka.framework */; };
		A1370CD31E368A9300B55D9E /* Imperio.framework in Frameworks */ = {isa = PBXBuildFile; fileRef = A1370CD21E368A9300B55D9E /* Imperio.framework */; };
		A1370CD61E368DB800B55D9E /* SwiftyBeaver.framework in Frameworks */ = {isa = PBXBuildFile; fileRef = A1370CD51E368DB800B55D9E /* SwiftyBeaver.framework */; };
		A1370CD81E368DF300B55D9E /* Logger.swift in Sources */ = {isa = PBXBuildFile; fileRef = A1370CD71E368DF300B55D9E /* Logger.swift */; };
		A1370CDB1E368FA600B55D9E /* SettingsCoordinator.swift in Sources */ = {isa = PBXBuildFile; fileRef = A1370CDA1E368FA600B55D9E /* SettingsCoordinator.swift */; };
		A1370CDF1E369E3F00B55D9E /* Branding.swift in Sources */ = {isa = PBXBuildFile; fileRef = A1370CDE1E369E3F00B55D9E /* Branding.swift */; };
		A1370CE11E369F1400B55D9E /* Colors.txt in Resources */ = {isa = PBXBuildFile; fileRef = A1370CE01E369F1400B55D9E /* Colors.txt */; };
		A1370CE31E36A31100B55D9E /* Colors.swift in Sources */ = {isa = PBXBuildFile; fileRef = A1370CE21E36A31100B55D9E /* Colors.swift */; };
		A1370CE51E36A5D000B55D9E /* BrandedFormViewController.swift in Sources */ = {isa = PBXBuildFile; fileRef = A1370CE41E36A5D000B55D9E /* BrandedFormViewController.swift */; };
		A1370CE71E36A5E900B55D9E /* BrandedViewController.swift in Sources */ = {isa = PBXBuildFile; fileRef = A1370CE61E36A5E900B55D9E /* BrandedViewController.swift */; };
		A1370CE91E37394600B55D9E /* PrayerCoordinator.swift in Sources */ = {isa = PBXBuildFile; fileRef = A1370CE81E37394600B55D9E /* PrayerCoordinator.swift */; };
		A1494AEA1E25A9F000286EBF /* Takbir.txt in Resources */ = {isa = PBXBuildFile; fileRef = A1494AEC1E25A9F000286EBF /* Takbir.txt */; };
		A1494AF41E27F47800286EBF /* HandySwift.framework in Frameworks */ = {isa = PBXBuildFile; fileRef = A1494AF31E27F47800286EBF /* HandySwift.framework */; };
		A1494AFE1E27F5C100286EBF /* Quick.framework in Frameworks */ = {isa = PBXBuildFile; fileRef = A1494AFD1E27F5C100286EBF /* Quick.framework */; };
		A1494AFF1E27F5C800286EBF /* Quick.framework in Carthage */ = {isa = PBXBuildFile; fileRef = A1494AFD1E27F5C100286EBF /* Quick.framework */; settings = {ATTRIBUTES = (CodeSignOnCopy, RemoveHeadersOnCopy, ); }; };
		A1494B001E27F5CB00286EBF /* Nimble.framework in Frameworks */ = {isa = PBXBuildFile; fileRef = A1494AFA1E27F5A200286EBF /* Nimble.framework */; };
		A1494B011E27F5CD00286EBF /* Nimble.framework in Carthage */ = {isa = PBXBuildFile; fileRef = A1494AFA1E27F5A200286EBF /* Nimble.framework */; settings = {ATTRIBUTES = (CodeSignOnCopy, RemoveHeadersOnCopy, ); }; };
		A1494B041E27F60400286EBF /* SalahSpec.swift in Sources */ = {isa = PBXBuildFile; fileRef = A1494B031E27F60400286EBF /* SalahSpec.swift */; };
		A1494B061E27F64600286EBF /* RakahSpec.swift in Sources */ = {isa = PBXBuildFile; fileRef = A1494B051E27F64600286EBF /* RakahSpec.swift */; };
		A1494B081E27F65000286EBF /* RakahComponentSpec.swift in Sources */ = {isa = PBXBuildFile; fileRef = A1494B071E27F65000286EBF /* RakahComponentSpec.swift */; };
		A1494B0B1E2869B500286EBF /* Opening-Supplication.txt in Resources */ = {isa = PBXBuildFile; fileRef = A1494B0D1E2869B500286EBF /* Opening-Supplication.txt */; };
		A1494B121E28762B00286EBF /* Taawwudh.txt in Resources */ = {isa = PBXBuildFile; fileRef = A1494B141E28762B00286EBF /* Taawwudh.txt */; };
		A1494B251E29452B00286EBF /* 001_The-Opening.txt in Resources */ = {isa = PBXBuildFile; fileRef = A1494B211E29452B00286EBF /* 001_The-Opening.txt */; };
		A1494B2A1E2B071100286EBF /* 114_Men.txt in Resources */ = {isa = PBXBuildFile; fileRef = A1494B2C1E2B071100286EBF /* 114_Men.txt */; };
		A1494B311E2B085500286EBF /* 113_The-Rising-Dawn.txt in Resources */ = {isa = PBXBuildFile; fileRef = A1494B331E2B085500286EBF /* 113_The-Rising-Dawn.txt */; };
		A1494B381E2B0A0000286EBF /* 112_The-Declaration-of-Gods-Perfection.txt in Resources */ = {isa = PBXBuildFile; fileRef = A1494B3A1E2B0A0000286EBF /* 112_The-Declaration-of-Gods-Perfection.txt */; };
		A1494B3F1E2B0BAF00286EBF /* 111_The-Twisted-Strands.txt in Resources */ = {isa = PBXBuildFile; fileRef = A1494B411E2B0BAF00286EBF /* 111_The-Twisted-Strands.txt */; };
		A1494B461E2B0D0900286EBF /* 110_Succour.txt in Resources */ = {isa = PBXBuildFile; fileRef = A1494B481E2B0D0900286EBF /* 110_Succour.txt */; };
		A1494B4D1E2B0E1A00286EBF /* 109_Those-Who-Deny-the-Truth.txt in Resources */ = {isa = PBXBuildFile; fileRef = A1494B4F1E2B0E1A00286EBF /* 109_Those-Who-Deny-the-Truth.txt */; };
		A1494B541E2B0F8900286EBF /* 108_Good-in-Abundance.txt in Resources */ = {isa = PBXBuildFile; fileRef = A1494B561E2B0F8900286EBF /* 108_Good-in-Abundance.txt */; };
		A1494B5B1E2B106300286EBF /* 107_Assistance.txt in Resources */ = {isa = PBXBuildFile; fileRef = A1494B5D1E2B106300286EBF /* 107_Assistance.txt */; };
		A1494B621E2B11FB00286EBF /* 106_Quraysh.txt in Resources */ = {isa = PBXBuildFile; fileRef = A1494B641E2B11FB00286EBF /* 106_Quraysh.txt */; };
		A1494B691E2B12FD00286EBF /* 105_The-Elephant.txt in Resources */ = {isa = PBXBuildFile; fileRef = A1494B6B1E2B12FD00286EBF /* 105_The-Elephant.txt */; };
		A1494B701E2B156500286EBF /* 104_The-Slanderer.txt in Resources */ = {isa = PBXBuildFile; fileRef = A1494B721E2B156500286EBF /* 104_The-Slanderer.txt */; };
		A1494B771E2B17D100286EBF /* 103_The-Flight-of-Time.txt in Resources */ = {isa = PBXBuildFile; fileRef = A1494B791E2B17D100286EBF /* 103_The-Flight-of-Time.txt */; };
		A1494B7E1E2BF47400286EBF /* Ruku.txt in Resources */ = {isa = PBXBuildFile; fileRef = A1494B801E2BF47400286EBF /* Ruku.txt */; };
		A1494B851E2C300C00286EBF /* Straightening-Up.txt in Resources */ = {isa = PBXBuildFile; fileRef = A1494B871E2C300C00286EBF /* Straightening-Up.txt */; };
		A1494B8C1E2C31B900286EBF /* Sajdah.txt in Resources */ = {isa = PBXBuildFile; fileRef = A1494B8E1E2C31B900286EBF /* Sajdah.txt */; };
		A1494B951E2C49C500286EBF /* Tashahhud.txt in Resources */ = {isa = PBXBuildFile; fileRef = A1494B971E2C49C500286EBF /* Tashahhud.txt */; };
		A1494B9C1E2C574A00286EBF /* Salatul-Ibrahimiyyah.txt in Resources */ = {isa = PBXBuildFile; fileRef = A1494B9E1E2C574A00286EBF /* Salatul-Ibrahimiyyah.txt */; };
		A1494BA51E2C628300286EBF /* Rabbanagh.txt in Resources */ = {isa = PBXBuildFile; fileRef = A1494BA71E2C628300286EBF /* Rabbanagh.txt */; };
		A1494BAC1E2C693C00286EBF /* Salam.txt in Resources */ = {isa = PBXBuildFile; fileRef = A1494BAE1E2C693C00286EBF /* Salam.txt */; };
		A1494BB31E2EBF4F00286EBF /* Localizable.strings in Resources */ = {isa = PBXBuildFile; fileRef = A1494BB51E2EBF4F00286EBF /* Localizable.strings */; };
		A1494BBF1E2ED5CF00286EBF /* PrayerView.storyboard in Resources */ = {isa = PBXBuildFile; fileRef = A1494BC11E2ED5CF00286EBF /* PrayerView.storyboard */; };
		A1494BC91E2ED60500286EBF /* PrayerViewController.swift in Sources */ = {isa = PBXBuildFile; fileRef = A1494BC81E2ED60500286EBF /* PrayerViewController.swift */; };
		A1494BCE1E2ED79500286EBF /* Localizations.swift in Sources */ = {isa = PBXBuildFile; fileRef = A1494BCC1E2ED79500286EBF /* Localizations.swift */; };
		A1494BCF1E2ED79500286EBF /* Storyboards.swift in Sources */ = {isa = PBXBuildFile; fileRef = A1494BCD1E2ED79500286EBF /* Storyboards.swift */; };
		A1494BD11E2FEBE200286EBF /* SwiftyTimer.framework in Frameworks */ = {isa = PBXBuildFile; fileRef = A1494BD01E2FEBE200286EBF /* SwiftyTimer.framework */; };
		A161E3721E7EFA78009C6602 /* SnapshotHelper.swift in Sources */ = {isa = PBXBuildFile; fileRef = A161E3711E7EFA78009C6602 /* SnapshotHelper.swift */; };
		A161E3751E7EFB1B009C6602 /* AppStoreSnapshotUITests.swift in Sources */ = {isa = PBXBuildFile; fileRef = A161E3741E7EFB1B009C6602 /* AppStoreSnapshotUITests.swift */; };
		A161E3861E7F1BC8009C6602 /* Localizable.strings in Resources */ = {isa = PBXBuildFile; fileRef = A1494BB51E2EBF4F00286EBF /* Localizable.strings */; };
		A161E3871E7F1D81009C6602 /* 001_The-Opening.txt in Resources */ = {isa = PBXBuildFile; fileRef = A1494B211E29452B00286EBF /* 001_The-Opening.txt */; };
		A161E3881E7F1D81009C6602 /* Ruku.txt in Resources */ = {isa = PBXBuildFile; fileRef = A1494B801E2BF47400286EBF /* Ruku.txt */; };
		A16484D31E243898008EC78C /* Images.xcassets in Resources */ = {isa = PBXBuildFile; fileRef = A16484BE1E243898008EC78C /* Images.xcassets */; };
		A16484D41E243898008EC78C /* AppDelegate.swift in Sources */ = {isa = PBXBuildFile; fileRef = A16484C01E243898008EC78C /* AppDelegate.swift */; };
		A16484D51E243898008EC78C /* SettingsViewController.swift in Sources */ = {isa = PBXBuildFile; fileRef = A16484C11E243898008EC78C /* SettingsViewController.swift */; };
		A16484D71E243898008EC78C /* LaunchScreen.storyboard in Resources */ = {isa = PBXBuildFile; fileRef = A16484C51E243898008EC78C /* LaunchScreen.storyboard */; };
		A16484E31E243AAC008EC78C /* Salah.swift in Sources */ = {isa = PBXBuildFile; fileRef = A16484E21E243AAC008EC78C /* Salah.swift */; };
		A16484E51E243B5F008EC78C /* Rakah.swift in Sources */ = {isa = PBXBuildFile; fileRef = A16484E41E243B5F008EC78C /* Rakah.swift */; };
		A16484E71E25503C008EC78C /* RakahComponent.swift in Sources */ = {isa = PBXBuildFile; fileRef = A16484E61E25503C008EC78C /* RakahComponent.swift */; };
		A1701D641E33CE420080C0A1 /* E-Long in Resources */ = {isa = PBXBuildFile; fileRef = A1701D5F1E33CE420080C0A1 /* E-Long */; };
		A1701D661E33CE420080C0A1 /* C-Long in Resources */ = {isa = PBXBuildFile; fileRef = A1701D611E33CE420080C0A1 /* C-Long */; };
		A1701D671E33CE420080C0A1 /* C-Short in Resources */ = {isa = PBXBuildFile; fileRef = A1701D621E33CE420080C0A1 /* C-Short */; };
		A1701D681E33CE420080C0A1 /* G-Short in Resources */ = {isa = PBXBuildFile; fileRef = A1701D631E33CE420080C0A1 /* G-Short */; };
		A1701D6A1E33E7300080C0A1 /* E-Short in Resources */ = {isa = PBXBuildFile; fileRef = A1701D691E33E7300080C0A1 /* E-Short */; };
		A1A6A4661E3A819D00A909FF /* Position.swift in Sources */ = {isa = PBXBuildFile; fileRef = A1A6A4651E3A819D00A909FF /* Position.swift */; };
		A1D1EFB71E381FD00029C009 /* SettingsViewModel.swift in Sources */ = {isa = PBXBuildFile; fileRef = A1D1EFB61E381FD00029C009 /* SettingsViewModel.swift */; };
		A1D1EFB91E38217E0029C009 /* SwiftyUserDefaults.framework in Frameworks */ = {isa = PBXBuildFile; fileRef = A1D1EFB81E38217E0029C009 /* SwiftyUserDefaults.framework */; };
		A1D1EFBB1E3833960029C009 /* BrandedNavigationController.swift in Sources */ = {isa = PBXBuildFile; fileRef = A1D1EFBA1E3833960029C009 /* BrandedNavigationController.swift */; };
		A1D1EFBE1E391C700029C009 /* AudioPlayer.swift in Sources */ = {isa = PBXBuildFile; fileRef = A1D1EFBD1E391C700029C009 /* AudioPlayer.swift */; };
		A1D1EFC01E391FBE0029C009 /* PrayerViewModel.swift in Sources */ = {isa = PBXBuildFile; fileRef = A1D1EFBF1E391FBE0029C009 /* PrayerViewModel.swift */; };
		A1D1EFC21E3937FC0029C009 /* PrayerState.swift in Sources */ = {isa = PBXBuildFile; fileRef = A1D1EFC11E3937FC0029C009 /* PrayerState.swift */; };
		A1D1EFC41E393F080029C009 /* Countdown.swift in Sources */ = {isa = PBXBuildFile; fileRef = A1D1EFC31E393F080029C009 /* Countdown.swift */; };
/* End PBXBuildFile section */

/* Begin PBXContainerItemProxy section */
		A16484A01E243834008EC78C /* PBXContainerItemProxy */ = {
			isa = PBXContainerItemProxy;
			containerPortal = A16484831E243834008EC78C /* Project object */;
			proxyType = 1;
			remoteGlobalIDString = A164848A1E243834008EC78C;
			remoteInfo = Prayer;
		};
		A16484AB1E243834008EC78C /* PBXContainerItemProxy */ = {
			isa = PBXContainerItemProxy;
			containerPortal = A16484831E243834008EC78C /* Project object */;
			proxyType = 1;
			remoteGlobalIDString = A164848A1E243834008EC78C;
			remoteInfo = Prayer;
		};
/* End PBXContainerItemProxy section */

/* Begin PBXCopyFilesBuildPhase section */
		A1494AF91E27F58600286EBF /* Carthage */ = {
			isa = PBXCopyFilesBuildPhase;
			buildActionMask = 2147483647;
			dstPath = "";
			dstSubfolderSpec = 10;
			files = (
				A1494AFF1E27F5C800286EBF /* Quick.framework in Carthage */,
				A1494B011E27F5CD00286EBF /* Nimble.framework in Carthage */,
			);
			name = Carthage;
			runOnlyForDeploymentPostprocessing = 0;
		};
/* End PBXCopyFilesBuildPhase section */

/* Begin PBXFileReference section */
		2E55F0BD20ABBF67000949CF /* beak.swift */ = {isa = PBXFileReference; lastKnownFileType = sourcecode.swift; path = beak.swift; sourceTree = "<group>"; };
		A11830DA1E58A5F500CBE087 /* HandyUIKit.framework */ = {isa = PBXFileReference; lastKnownFileType = wrapper.framework; name = HandyUIKit.framework; path = Carthage/Build/iOS/HandyUIKit.framework; sourceTree = "<group>"; };
		A11830E11E5914B000CBE087 /* Fabric.framework */ = {isa = PBXFileReference; lastKnownFileType = wrapper.framework; path = Fabric.framework; sourceTree = "<group>"; };
		A11830E21E5914B000CBE087 /* Crashlytics.framework */ = {isa = PBXFileReference; lastKnownFileType = wrapper.framework; path = Crashlytics.framework; sourceTree = "<group>"; };
		A11830EA1E591EF600CBE087 /* FAQViewController.swift */ = {isa = PBXFileReference; fileEncoding = 4; lastKnownFileType = sourcecode.swift; path = FAQViewController.swift; sourceTree = "<group>"; };
		A11830EC1E591F0A00CBE087 /* FAQViewModel.swift */ = {isa = PBXFileReference; fileEncoding = 4; lastKnownFileType = sourcecode.swift; path = FAQViewModel.swift; sourceTree = "<group>"; };
		A11830EE1E591FD900CBE087 /* Settings.storyboard */ = {isa = PBXFileReference; fileEncoding = 4; lastKnownFileType = file.storyboard; path = Settings.storyboard; sourceTree = "<group>"; };
		A11830F01E5932BC00CBE087 /* FAQCollectionViewLayout.swift */ = {isa = PBXFileReference; fileEncoding = 4; lastKnownFileType = sourcecode.swift; path = FAQCollectionViewLayout.swift; sourceTree = "<group>"; };
		A11830F81E59BDE200CBE087 /* FAQCollectionViewCell.swift */ = {isa = PBXFileReference; fileEncoding = 4; lastKnownFileType = sourcecode.swift; path = FAQCollectionViewCell.swift; sourceTree = "<group>"; };
		A1370CD01E35831900B55D9E /* Eureka.framework */ = {isa = PBXFileReference; lastKnownFileType = wrapper.framework; name = Eureka.framework; path = Carthage/Build/iOS/Eureka.framework; sourceTree = "<group>"; };
		A1370CD21E368A9300B55D9E /* Imperio.framework */ = {isa = PBXFileReference; lastKnownFileType = wrapper.framework; name = Imperio.framework; path = Carthage/Build/iOS/Imperio.framework; sourceTree = "<group>"; };
		A1370CD51E368DB800B55D9E /* SwiftyBeaver.framework */ = {isa = PBXFileReference; lastKnownFileType = wrapper.framework; name = SwiftyBeaver.framework; path = Carthage/Build/iOS/SwiftyBeaver.framework; sourceTree = "<group>"; };
		A1370CD71E368DF300B55D9E /* Logger.swift */ = {isa = PBXFileReference; fileEncoding = 4; lastKnownFileType = sourcecode.swift; path = Logger.swift; sourceTree = "<group>"; };
		A1370CDA1E368FA600B55D9E /* SettingsCoordinator.swift */ = {isa = PBXFileReference; fileEncoding = 4; lastKnownFileType = sourcecode.swift; path = SettingsCoordinator.swift; sourceTree = "<group>"; };
		A1370CDE1E369E3F00B55D9E /* Branding.swift */ = {isa = PBXFileReference; fileEncoding = 4; lastKnownFileType = sourcecode.swift; path = Branding.swift; sourceTree = "<group>"; };
		A1370CE01E369F1400B55D9E /* Colors.txt */ = {isa = PBXFileReference; fileEncoding = 4; lastKnownFileType = text; path = Colors.txt; sourceTree = "<group>"; };
		A1370CE21E36A31100B55D9E /* Colors.swift */ = {isa = PBXFileReference; fileEncoding = 4; lastKnownFileType = sourcecode.swift; path = Colors.swift; sourceTree = "<group>"; };
		A1370CE41E36A5D000B55D9E /* BrandedFormViewController.swift */ = {isa = PBXFileReference; fileEncoding = 4; lastKnownFileType = sourcecode.swift; path = BrandedFormViewController.swift; sourceTree = "<group>"; };
		A1370CE61E36A5E900B55D9E /* BrandedViewController.swift */ = {isa = PBXFileReference; fileEncoding = 4; lastKnownFileType = sourcecode.swift; path = BrandedViewController.swift; sourceTree = "<group>"; };
		A1370CE81E37394600B55D9E /* PrayerCoordinator.swift */ = {isa = PBXFileReference; fileEncoding = 4; lastKnownFileType = sourcecode.swift; path = PrayerCoordinator.swift; sourceTree = "<group>"; };
		A13B093B1E91AAB3003A375D /* README.md */ = {isa = PBXFileReference; lastKnownFileType = net.daringfireball.markdown; path = README.md; sourceTree = "<group>"; };
		A13B093C1E91BB04003A375D /* LICENSE.md */ = {isa = PBXFileReference; lastKnownFileType = net.daringfireball.markdown; path = LICENSE.md; sourceTree = "<group>"; };
		A1494AE61E25A9CE00286EBF /* de */ = {isa = PBXFileReference; lastKnownFileType = text.plist.strings; name = de; path = de.lproj/LaunchScreen.strings; sourceTree = "<group>"; };
		A1494AE81E25A9D500286EBF /* tr */ = {isa = PBXFileReference; lastKnownFileType = text.plist.strings; name = tr; path = tr.lproj/LaunchScreen.strings; sourceTree = "<group>"; };
		A1494AEB1E25A9F000286EBF /* en */ = {isa = PBXFileReference; lastKnownFileType = text; name = en; path = en.lproj/Takbir.txt; sourceTree = "<group>"; };
		A1494AED1E25A9F100286EBF /* de */ = {isa = PBXFileReference; lastKnownFileType = text; name = de; path = de.lproj/Takbir.txt; sourceTree = "<group>"; };
		A1494AEE1E25A9F200286EBF /* tr */ = {isa = PBXFileReference; lastKnownFileType = text; name = tr; path = tr.lproj/Takbir.txt; sourceTree = "<group>"; };
		A1494AF01E27F3F000286EBF /* Cartfile */ = {isa = PBXFileReference; lastKnownFileType = text; path = Cartfile; sourceTree = "<group>"; };
		A1494AF11E27F44B00286EBF /* Cartfile.resolved */ = {isa = PBXFileReference; lastKnownFileType = text; path = Cartfile.resolved; sourceTree = "<group>"; };
		A1494AF31E27F47800286EBF /* HandySwift.framework */ = {isa = PBXFileReference; lastKnownFileType = wrapper.framework; name = HandySwift.framework; path = Carthage/Build/iOS/HandySwift.framework; sourceTree = "<group>"; };
		A1494AF61E27F52B00286EBF /* Cartfile.private */ = {isa = PBXFileReference; lastKnownFileType = text; path = Cartfile.private; sourceTree = "<group>"; };
		A1494AFA1E27F5A200286EBF /* Nimble.framework */ = {isa = PBXFileReference; lastKnownFileType = wrapper.framework; name = Nimble.framework; path = Carthage/Build/iOS/Nimble.framework; sourceTree = "<group>"; };
		A1494AFD1E27F5C100286EBF /* Quick.framework */ = {isa = PBXFileReference; lastKnownFileType = wrapper.framework; name = Quick.framework; path = Carthage/Build/iOS/Quick.framework; sourceTree = "<group>"; };
		A1494B031E27F60400286EBF /* SalahSpec.swift */ = {isa = PBXFileReference; fileEncoding = 4; lastKnownFileType = sourcecode.swift; path = SalahSpec.swift; sourceTree = "<group>"; };
		A1494B051E27F64600286EBF /* RakahSpec.swift */ = {isa = PBXFileReference; fileEncoding = 4; lastKnownFileType = sourcecode.swift; path = RakahSpec.swift; sourceTree = "<group>"; };
		A1494B071E27F65000286EBF /* RakahComponentSpec.swift */ = {isa = PBXFileReference; fileEncoding = 4; lastKnownFileType = sourcecode.swift; path = RakahComponentSpec.swift; sourceTree = "<group>"; };
		A1494B0C1E2869B500286EBF /* en */ = {isa = PBXFileReference; lastKnownFileType = text; name = en; path = "en.lproj/Opening-Supplication.txt"; sourceTree = "<group>"; };
		A1494B0E1E2869B600286EBF /* de */ = {isa = PBXFileReference; lastKnownFileType = text; name = de; path = "de.lproj/Opening-Supplication.txt"; sourceTree = "<group>"; };
		A1494B0F1E2869B700286EBF /* tr */ = {isa = PBXFileReference; lastKnownFileType = text; name = tr; path = "tr.lproj/Opening-Supplication.txt"; sourceTree = "<group>"; };
		A1494B131E28762B00286EBF /* en */ = {isa = PBXFileReference; lastKnownFileType = text; name = en; path = en.lproj/Taawwudh.txt; sourceTree = "<group>"; };
		A1494B151E28762C00286EBF /* de */ = {isa = PBXFileReference; lastKnownFileType = text; name = de; path = de.lproj/Taawwudh.txt; sourceTree = "<group>"; };
		A1494B161E28762D00286EBF /* tr */ = {isa = PBXFileReference; lastKnownFileType = text; name = tr; path = tr.lproj/Taawwudh.txt; sourceTree = "<group>"; };
		A1494B221E29452B00286EBF /* de */ = {isa = PBXFileReference; lastKnownFileType = text; name = de; path = "de.lproj/001_The-Opening.txt"; sourceTree = "<group>"; };
		A1494B231E29452B00286EBF /* en */ = {isa = PBXFileReference; lastKnownFileType = text; name = en; path = "en.lproj/001_The-Opening.txt"; sourceTree = "<group>"; };
		A1494B241E29452B00286EBF /* tr */ = {isa = PBXFileReference; lastKnownFileType = text; name = tr; path = "tr.lproj/001_The-Opening.txt"; sourceTree = "<group>"; };
		A1494B2B1E2B071100286EBF /* en */ = {isa = PBXFileReference; lastKnownFileType = text; name = en; path = en.lproj/114_Men.txt; sourceTree = "<group>"; };
		A1494B2D1E2B071200286EBF /* de */ = {isa = PBXFileReference; lastKnownFileType = text; name = de; path = de.lproj/114_Men.txt; sourceTree = "<group>"; };
		A1494B2E1E2B071300286EBF /* tr */ = {isa = PBXFileReference; lastKnownFileType = text; name = tr; path = tr.lproj/114_Men.txt; sourceTree = "<group>"; };
		A1494B321E2B085500286EBF /* en */ = {isa = PBXFileReference; lastKnownFileType = text; name = en; path = "en.lproj/113_The-Rising-Dawn.txt"; sourceTree = "<group>"; };
		A1494B341E2B085700286EBF /* de */ = {isa = PBXFileReference; lastKnownFileType = text; name = de; path = "de.lproj/113_The-Rising-Dawn.txt"; sourceTree = "<group>"; };
		A1494B351E2B085800286EBF /* tr */ = {isa = PBXFileReference; lastKnownFileType = text; name = tr; path = "tr.lproj/113_The-Rising-Dawn.txt"; sourceTree = "<group>"; };
		A1494B391E2B0A0000286EBF /* en */ = {isa = PBXFileReference; lastKnownFileType = text; name = en; path = "en.lproj/112_The-Declaration-of-Gods-Perfection.txt"; sourceTree = "<group>"; };
		A1494B3B1E2B0A0100286EBF /* de */ = {isa = PBXFileReference; lastKnownFileType = text; name = de; path = "de.lproj/112_The-Declaration-of-Gods-Perfection.txt"; sourceTree = "<group>"; };
		A1494B3C1E2B0A0200286EBF /* tr */ = {isa = PBXFileReference; lastKnownFileType = text; name = tr; path = "tr.lproj/112_The-Declaration-of-Gods-Perfection.txt"; sourceTree = "<group>"; };
		A1494B401E2B0BAF00286EBF /* en */ = {isa = PBXFileReference; lastKnownFileType = text; name = en; path = "en.lproj/111_The-Twisted-Strands.txt"; sourceTree = "<group>"; };
		A1494B421E2B0BB000286EBF /* de */ = {isa = PBXFileReference; lastKnownFileType = text; name = de; path = "de.lproj/111_The-Twisted-Strands.txt"; sourceTree = "<group>"; };
		A1494B431E2B0BB100286EBF /* tr */ = {isa = PBXFileReference; lastKnownFileType = text; name = tr; path = "tr.lproj/111_The-Twisted-Strands.txt"; sourceTree = "<group>"; };
		A1494B471E2B0D0900286EBF /* en */ = {isa = PBXFileReference; lastKnownFileType = text; name = en; path = en.lproj/110_Succour.txt; sourceTree = "<group>"; };
		A1494B491E2B0D0B00286EBF /* de */ = {isa = PBXFileReference; lastKnownFileType = text; name = de; path = de.lproj/110_Succour.txt; sourceTree = "<group>"; };
		A1494B4A1E2B0D0B00286EBF /* tr */ = {isa = PBXFileReference; lastKnownFileType = text; name = tr; path = tr.lproj/110_Succour.txt; sourceTree = "<group>"; };
		A1494B4E1E2B0E1A00286EBF /* en */ = {isa = PBXFileReference; lastKnownFileType = text; name = en; path = "en.lproj/109_Those-Who-Deny-the-Truth.txt"; sourceTree = "<group>"; };
		A1494B501E2B0E1C00286EBF /* de */ = {isa = PBXFileReference; lastKnownFileType = text; name = de; path = "de.lproj/109_Those-Who-Deny-the-Truth.txt"; sourceTree = "<group>"; };
		A1494B511E2B0E1D00286EBF /* tr */ = {isa = PBXFileReference; lastKnownFileType = text; name = tr; path = "tr.lproj/109_Those-Who-Deny-the-Truth.txt"; sourceTree = "<group>"; };
		A1494B551E2B0F8900286EBF /* en */ = {isa = PBXFileReference; lastKnownFileType = text; name = en; path = "en.lproj/108_Good-in-Abundance.txt"; sourceTree = "<group>"; };
		A1494B571E2B0F8B00286EBF /* de */ = {isa = PBXFileReference; lastKnownFileType = text; name = de; path = "de.lproj/108_Good-in-Abundance.txt"; sourceTree = "<group>"; };
		A1494B581E2B0F8C00286EBF /* tr */ = {isa = PBXFileReference; lastKnownFileType = text; name = tr; path = "tr.lproj/108_Good-in-Abundance.txt"; sourceTree = "<group>"; };
		A1494B5C1E2B106300286EBF /* en */ = {isa = PBXFileReference; lastKnownFileType = text; name = en; path = en.lproj/107_Assistance.txt; sourceTree = "<group>"; };
		A1494B5E1E2B106500286EBF /* de */ = {isa = PBXFileReference; lastKnownFileType = text; name = de; path = de.lproj/107_Assistance.txt; sourceTree = "<group>"; };
		A1494B5F1E2B106600286EBF /* tr */ = {isa = PBXFileReference; lastKnownFileType = text; name = tr; path = tr.lproj/107_Assistance.txt; sourceTree = "<group>"; };
		A1494B631E2B11FB00286EBF /* en */ = {isa = PBXFileReference; lastKnownFileType = text; name = en; path = en.lproj/106_Quraysh.txt; sourceTree = "<group>"; };
		A1494B651E2B11FD00286EBF /* de */ = {isa = PBXFileReference; lastKnownFileType = text; name = de; path = de.lproj/106_Quraysh.txt; sourceTree = "<group>"; };
		A1494B661E2B11FD00286EBF /* tr */ = {isa = PBXFileReference; lastKnownFileType = text; name = tr; path = tr.lproj/106_Quraysh.txt; sourceTree = "<group>"; };
		A1494B6A1E2B12FD00286EBF /* en */ = {isa = PBXFileReference; lastKnownFileType = text; name = en; path = "en.lproj/105_The-Elephant.txt"; sourceTree = "<group>"; };
		A1494B6C1E2B131000286EBF /* de */ = {isa = PBXFileReference; lastKnownFileType = text; name = de; path = "de.lproj/105_The-Elephant.txt"; sourceTree = "<group>"; };
		A1494B6D1E2B131100286EBF /* tr */ = {isa = PBXFileReference; lastKnownFileType = text; name = tr; path = "tr.lproj/105_The-Elephant.txt"; sourceTree = "<group>"; };
		A1494B711E2B156500286EBF /* en */ = {isa = PBXFileReference; lastKnownFileType = text; name = en; path = "en.lproj/104_The-Slanderer.txt"; sourceTree = "<group>"; };
		A1494B731E2B156800286EBF /* de */ = {isa = PBXFileReference; lastKnownFileType = text; name = de; path = "de.lproj/104_The-Slanderer.txt"; sourceTree = "<group>"; };
		A1494B741E2B156900286EBF /* tr */ = {isa = PBXFileReference; lastKnownFileType = text; name = tr; path = "tr.lproj/104_The-Slanderer.txt"; sourceTree = "<group>"; };
		A1494B781E2B17D100286EBF /* en */ = {isa = PBXFileReference; lastKnownFileType = text; name = en; path = "en.lproj/103_The-Flight-of-Time.txt"; sourceTree = "<group>"; };
		A1494B7A1E2B17D300286EBF /* de */ = {isa = PBXFileReference; lastKnownFileType = text; name = de; path = "de.lproj/103_The-Flight-of-Time.txt"; sourceTree = "<group>"; };
		A1494B7B1E2B17D300286EBF /* tr */ = {isa = PBXFileReference; lastKnownFileType = text; name = tr; path = "tr.lproj/103_The-Flight-of-Time.txt"; sourceTree = "<group>"; };
		A1494B7F1E2BF47400286EBF /* en */ = {isa = PBXFileReference; lastKnownFileType = text; name = en; path = en.lproj/Ruku.txt; sourceTree = "<group>"; };
		A1494B811E2BF47500286EBF /* de */ = {isa = PBXFileReference; lastKnownFileType = text; name = de; path = de.lproj/Ruku.txt; sourceTree = "<group>"; };
		A1494B821E2BF47500286EBF /* tr */ = {isa = PBXFileReference; lastKnownFileType = text; name = tr; path = tr.lproj/Ruku.txt; sourceTree = "<group>"; };
		A1494B861E2C300C00286EBF /* en */ = {isa = PBXFileReference; lastKnownFileType = text; name = en; path = "en.lproj/Straightening-Up.txt"; sourceTree = "<group>"; };
		A1494B881E2C300D00286EBF /* de */ = {isa = PBXFileReference; lastKnownFileType = text; name = de; path = "de.lproj/Straightening-Up.txt"; sourceTree = "<group>"; };
		A1494B891E2C300D00286EBF /* tr */ = {isa = PBXFileReference; lastKnownFileType = text; name = tr; path = "tr.lproj/Straightening-Up.txt"; sourceTree = "<group>"; };
		A1494B8D1E2C31B900286EBF /* en */ = {isa = PBXFileReference; lastKnownFileType = text; name = en; path = en.lproj/Sajdah.txt; sourceTree = "<group>"; };
		A1494B8F1E2C31BB00286EBF /* de */ = {isa = PBXFileReference; lastKnownFileType = text; name = de; path = de.lproj/Sajdah.txt; sourceTree = "<group>"; };
		A1494B901E2C31BB00286EBF /* tr */ = {isa = PBXFileReference; lastKnownFileType = text; name = tr; path = tr.lproj/Sajdah.txt; sourceTree = "<group>"; };
		A1494B961E2C49C500286EBF /* en */ = {isa = PBXFileReference; lastKnownFileType = text; name = en; path = en.lproj/Tashahhud.txt; sourceTree = "<group>"; };
		A1494B981E2C49C600286EBF /* de */ = {isa = PBXFileReference; lastKnownFileType = text; name = de; path = de.lproj/Tashahhud.txt; sourceTree = "<group>"; };
		A1494B991E2C49C800286EBF /* tr */ = {isa = PBXFileReference; lastKnownFileType = text; name = tr; path = tr.lproj/Tashahhud.txt; sourceTree = "<group>"; };
		A1494B9D1E2C574A00286EBF /* en */ = {isa = PBXFileReference; lastKnownFileType = text; name = en; path = "en.lproj/Salatul-Ibrahimiyyah.txt"; sourceTree = "<group>"; };
		A1494BA11E2C575D00286EBF /* de */ = {isa = PBXFileReference; lastKnownFileType = text; name = de; path = "de.lproj/Salatul-Ibrahimiyyah.txt"; sourceTree = "<group>"; };
		A1494BA21E2C575F00286EBF /* tr */ = {isa = PBXFileReference; lastKnownFileType = text; name = tr; path = "tr.lproj/Salatul-Ibrahimiyyah.txt"; sourceTree = "<group>"; };
		A1494BA61E2C628300286EBF /* en */ = {isa = PBXFileReference; lastKnownFileType = text; name = en; path = en.lproj/Rabbanagh.txt; sourceTree = "<group>"; };
		A1494BA81E2C628400286EBF /* de */ = {isa = PBXFileReference; lastKnownFileType = text; name = de; path = de.lproj/Rabbanagh.txt; sourceTree = "<group>"; };
		A1494BA91E2C628400286EBF /* tr */ = {isa = PBXFileReference; lastKnownFileType = text; name = tr; path = tr.lproj/Rabbanagh.txt; sourceTree = "<group>"; };
		A1494BAD1E2C693C00286EBF /* en */ = {isa = PBXFileReference; lastKnownFileType = text; name = en; path = en.lproj/Salam.txt; sourceTree = "<group>"; };
		A1494BAF1E2C693D00286EBF /* de */ = {isa = PBXFileReference; lastKnownFileType = text; name = de; path = de.lproj/Salam.txt; sourceTree = "<group>"; };
		A1494BB01E2C693E00286EBF /* tr */ = {isa = PBXFileReference; lastKnownFileType = text; name = tr; path = tr.lproj/Salam.txt; sourceTree = "<group>"; };
		A1494BB41E2EBF4F00286EBF /* en */ = {isa = PBXFileReference; lastKnownFileType = text.plist.strings; name = en; path = en.lproj/Localizable.strings; sourceTree = "<group>"; };
		A1494BB61E2EBF5200286EBF /* de */ = {isa = PBXFileReference; lastKnownFileType = text.plist.strings; name = de; path = de.lproj/Localizable.strings; sourceTree = "<group>"; };
		A1494BB71E2EBF5200286EBF /* tr */ = {isa = PBXFileReference; lastKnownFileType = text.plist.strings; name = tr; path = tr.lproj/Localizable.strings; sourceTree = "<group>"; };
		A1494BBC1E2ED3C900286EBF /* en */ = {isa = PBXFileReference; lastKnownFileType = text.plist.strings; name = en; path = en.lproj/LaunchScreen.strings; sourceTree = "<group>"; };
		A1494BC01E2ED5CF00286EBF /* Base */ = {isa = PBXFileReference; lastKnownFileType = file.storyboard; name = Base; path = Base.lproj/PrayerView.storyboard; sourceTree = "<group>"; };
		A1494BC81E2ED60500286EBF /* PrayerViewController.swift */ = {isa = PBXFileReference; fileEncoding = 4; lastKnownFileType = sourcecode.swift; path = PrayerViewController.swift; sourceTree = "<group>"; };
		A1494BCC1E2ED79500286EBF /* Localizations.swift */ = {isa = PBXFileReference; fileEncoding = 4; lastKnownFileType = sourcecode.swift; path = Localizations.swift; sourceTree = "<group>"; };
		A1494BCD1E2ED79500286EBF /* Storyboards.swift */ = {isa = PBXFileReference; fileEncoding = 4; lastKnownFileType = sourcecode.swift; path = Storyboards.swift; sourceTree = "<group>"; };
		A1494BD01E2FEBE200286EBF /* SwiftyTimer.framework */ = {isa = PBXFileReference; lastKnownFileType = wrapper.framework; name = SwiftyTimer.framework; path = Carthage/Build/iOS/SwiftyTimer.framework; sourceTree = "<group>"; };
		A15CF8211EEC37D8008987C2 /* .swiftlint.yml */ = {isa = PBXFileReference; lastKnownFileType = text; path = .swiftlint.yml; sourceTree = "<group>"; };
		A161E36B1E7EF826009C6602 /* Gemfile */ = {isa = PBXFileReference; lastKnownFileType = text; path = Gemfile; sourceTree = "<group>"; };
		A161E36C1E7EF869009C6602 /* Gemfile.lock */ = {isa = PBXFileReference; lastKnownFileType = text; path = Gemfile.lock; sourceTree = "<group>"; };
		A161E36E1E7EF8B1009C6602 /* Appfile */ = {isa = PBXFileReference; lastKnownFileType = text; path = Appfile; sourceTree = "<group>"; };
		A161E36F1E7EF8B1009C6602 /* Fastfile */ = {isa = PBXFileReference; lastKnownFileType = text; path = Fastfile; sourceTree = "<group>"; };
		A161E3701E7EFA30009C6602 /* Snapfile */ = {isa = PBXFileReference; lastKnownFileType = text; path = Snapfile; sourceTree = "<group>"; };
		A161E3711E7EFA78009C6602 /* SnapshotHelper.swift */ = {isa = PBXFileReference; fileEncoding = 4; lastKnownFileType = sourcecode.swift; path = SnapshotHelper.swift; sourceTree = "<group>"; };
		A161E3741E7EFB1B009C6602 /* AppStoreSnapshotUITests.swift */ = {isa = PBXFileReference; fileEncoding = 4; lastKnownFileType = sourcecode.swift; path = AppStoreSnapshotUITests.swift; sourceTree = "<group>"; };
		A161E3891E7F3DC0009C6602 /* Deliverfile */ = {isa = PBXFileReference; lastKnownFileType = text; path = Deliverfile; sourceTree = "<group>"; };
		A164848B1E243834008EC78C /* Prayer.app */ = {isa = PBXFileReference; explicitFileType = wrapper.application; includeInIndex = 0; path = Prayer.app; sourceTree = BUILT_PRODUCTS_DIR; };
		A164849F1E243834008EC78C /* PrayerTests.xctest */ = {isa = PBXFileReference; explicitFileType = wrapper.cfbundle; includeInIndex = 0; path = PrayerTests.xctest; sourceTree = BUILT_PRODUCTS_DIR; };
		A16484AA1E243834008EC78C /* PrayerUITests.xctest */ = {isa = PBXFileReference; explicitFileType = wrapper.cfbundle; includeInIndex = 0; path = PrayerUITests.xctest; sourceTree = BUILT_PRODUCTS_DIR; };
		A16484BE1E243898008EC78C /* Images.xcassets */ = {isa = PBXFileReference; lastKnownFileType = folder.assetcatalog; path = Images.xcassets; sourceTree = "<group>"; };
		A16484C01E243898008EC78C /* AppDelegate.swift */ = {isa = PBXFileReference; fileEncoding = 4; lastKnownFileType = sourcecode.swift; path = AppDelegate.swift; sourceTree = "<group>"; };
		A16484C11E243898008EC78C /* SettingsViewController.swift */ = {isa = PBXFileReference; fileEncoding = 4; lastKnownFileType = sourcecode.swift; path = SettingsViewController.swift; sourceTree = "<group>"; };
		A16484C31E243898008EC78C /* Info.plist */ = {isa = PBXFileReference; fileEncoding = 4; lastKnownFileType = text.plist.xml; path = Info.plist; sourceTree = "<group>"; };
		A16484C61E243898008EC78C /* Base */ = {isa = PBXFileReference; lastKnownFileType = file.storyboard; name = Base; path = Base.lproj/LaunchScreen.storyboard; sourceTree = "<group>"; };
		A16484CD1E243898008EC78C /* Info.plist */ = {isa = PBXFileReference; fileEncoding = 4; lastKnownFileType = text.plist.xml; path = Info.plist; sourceTree = "<group>"; };
		A16484D21E243898008EC78C /* Info.plist */ = {isa = PBXFileReference; fileEncoding = 4; lastKnownFileType = text.plist.xml; path = Info.plist; sourceTree = "<group>"; };
		A16484E21E243AAC008EC78C /* Salah.swift */ = {isa = PBXFileReference; fileEncoding = 4; lastKnownFileType = sourcecode.swift; path = Salah.swift; sourceTree = "<group>"; };
		A16484E41E243B5F008EC78C /* Rakah.swift */ = {isa = PBXFileReference; fileEncoding = 4; lastKnownFileType = sourcecode.swift; path = Rakah.swift; sourceTree = "<group>"; };
		A16484E61E25503C008EC78C /* RakahComponent.swift */ = {isa = PBXFileReference; fileEncoding = 4; lastKnownFileType = sourcecode.swift; path = RakahComponent.swift; sourceTree = "<group>"; };
		A1701D5F1E33CE420080C0A1 /* E-Long */ = {isa = PBXFileReference; lastKnownFileType = folder; path = "E-Long"; sourceTree = "<group>"; };
		A1701D611E33CE420080C0A1 /* C-Long */ = {isa = PBXFileReference; lastKnownFileType = folder; path = "C-Long"; sourceTree = "<group>"; };
		A1701D621E33CE420080C0A1 /* C-Short */ = {isa = PBXFileReference; lastKnownFileType = folder; path = "C-Short"; sourceTree = "<group>"; };
		A1701D631E33CE420080C0A1 /* G-Short */ = {isa = PBXFileReference; lastKnownFileType = folder; path = "G-Short"; sourceTree = "<group>"; };
		A1701D691E33E7300080C0A1 /* E-Short */ = {isa = PBXFileReference; lastKnownFileType = folder; path = "E-Short"; sourceTree = "<group>"; };
		A1A6A4651E3A819D00A909FF /* Position.swift */ = {isa = PBXFileReference; fileEncoding = 4; lastKnownFileType = sourcecode.swift; path = Position.swift; sourceTree = "<group>"; };
		A1D1EFB61E381FD00029C009 /* SettingsViewModel.swift */ = {isa = PBXFileReference; fileEncoding = 4; lastKnownFileType = sourcecode.swift; path = SettingsViewModel.swift; sourceTree = "<group>"; };
		A1D1EFB81E38217E0029C009 /* SwiftyUserDefaults.framework */ = {isa = PBXFileReference; lastKnownFileType = wrapper.framework; name = SwiftyUserDefaults.framework; path = Carthage/Build/iOS/SwiftyUserDefaults.framework; sourceTree = "<group>"; };
		A1D1EFBA1E3833960029C009 /* BrandedNavigationController.swift */ = {isa = PBXFileReference; fileEncoding = 4; lastKnownFileType = sourcecode.swift; path = BrandedNavigationController.swift; sourceTree = "<group>"; };
		A1D1EFBD1E391C700029C009 /* AudioPlayer.swift */ = {isa = PBXFileReference; fileEncoding = 4; lastKnownFileType = sourcecode.swift; path = AudioPlayer.swift; sourceTree = "<group>"; };
		A1D1EFBF1E391FBE0029C009 /* PrayerViewModel.swift */ = {isa = PBXFileReference; fileEncoding = 4; lastKnownFileType = sourcecode.swift; path = PrayerViewModel.swift; sourceTree = "<group>"; };
		A1D1EFC11E3937FC0029C009 /* PrayerState.swift */ = {isa = PBXFileReference; fileEncoding = 4; lastKnownFileType = sourcecode.swift; path = PrayerState.swift; sourceTree = "<group>"; };
		A1D1EFC31E393F080029C009 /* Countdown.swift */ = {isa = PBXFileReference; fileEncoding = 4; lastKnownFileType = sourcecode.swift; path = Countdown.swift; sourceTree = "<group>"; };
/* End PBXFileReference section */

/* Begin PBXFrameworksBuildPhase section */
		A16484881E243834008EC78C /* Frameworks */ = {
			isa = PBXFrameworksBuildPhase;
			buildActionMask = 2147483647;
			files = (
				A1370CD61E368DB800B55D9E /* SwiftyBeaver.framework in Frameworks */,
				A11830E41E5914B000CBE087 /* Crashlytics.framework in Frameworks */,
				A1370CD11E35831900B55D9E /* Eureka.framework in Frameworks */,
				A1494BD11E2FEBE200286EBF /* SwiftyTimer.framework in Frameworks */,
				A11830E31E5914B000CBE087 /* Fabric.framework in Frameworks */,
				A1D1EFB91E38217E0029C009 /* SwiftyUserDefaults.framework in Frameworks */,
				A11830DB1E58A5F500CBE087 /* HandyUIKit.framework in Frameworks */,
				A1370CD31E368A9300B55D9E /* Imperio.framework in Frameworks */,
				A1494AF41E27F47800286EBF /* HandySwift.framework in Frameworks */,
			);
			runOnlyForDeploymentPostprocessing = 0;
		};
		A164849C1E243834008EC78C /* Frameworks */ = {
			isa = PBXFrameworksBuildPhase;
			buildActionMask = 2147483647;
			files = (
				A1494AFE1E27F5C100286EBF /* Quick.framework in Frameworks */,
				A1494B001E27F5CB00286EBF /* Nimble.framework in Frameworks */,
			);
			runOnlyForDeploymentPostprocessing = 0;
		};
		A16484A71E243834008EC78C /* Frameworks */ = {
			isa = PBXFrameworksBuildPhase;
			buildActionMask = 2147483647;
			files = (
			);
			runOnlyForDeploymentPostprocessing = 0;
		};
/* End PBXFrameworksBuildPhase section */

/* Begin PBXGroup section */
		A11830DC1E58A73100CBE087 /* Settings */ = {
			isa = PBXGroup;
			children = (
				A11830E81E591AD100CBE087 /* Controller */,
				A11830E71E591ACD00CBE087 /* Model */,
				A11830E91E591AD600CBE087 /* View */,
			);
			name = Settings;
			sourceTree = "<group>";
		};
		A11830DD1E58A73B00CBE087 /* Prayer */ = {
			isa = PBXGroup;
			children = (
				A11830E61E591AB900CBE087 /* Controller */,
				A16484DF1E243A81008EC78C /* Model */,
				A11830E51E591AB500CBE087 /* View */,
			);
			name = Prayer;
			sourceTree = "<group>";
		};
		A11830E01E59147D00CBE087 /* Frameworks */ = {
			isa = PBXGroup;
			children = (
				A11830E21E5914B000CBE087 /* Crashlytics.framework */,
				A11830E11E5914B000CBE087 /* Fabric.framework */,
			);
			name = Frameworks;
			sourceTree = "<group>";
		};
		A11830E51E591AB500CBE087 /* View */ = {
			isa = PBXGroup;
			children = (
				A1494BC81E2ED60500286EBF /* PrayerViewController.swift */,
				A1D1EFBF1E391FBE0029C009 /* PrayerViewModel.swift */,
			);
			name = View;
			sourceTree = "<group>";
		};
		A11830E61E591AB900CBE087 /* Controller */ = {
			isa = PBXGroup;
			children = (
				A1370CE81E37394600B55D9E /* PrayerCoordinator.swift */,
			);
			name = Controller;
			sourceTree = "<group>";
		};
		A11830E71E591ACD00CBE087 /* Model */ = {
			isa = PBXGroup;
			children = (
			);
			name = Model;
			sourceTree = "<group>";
		};
		A11830E81E591AD100CBE087 /* Controller */ = {
			isa = PBXGroup;
			children = (
				A1370CDA1E368FA600B55D9E /* SettingsCoordinator.swift */,
			);
			name = Controller;
			sourceTree = "<group>";
		};
		A11830E91E591AD600CBE087 /* View */ = {
			isa = PBXGroup;
			children = (
				A11830F81E59BDE200CBE087 /* FAQCollectionViewCell.swift */,
				A11830F01E5932BC00CBE087 /* FAQCollectionViewLayout.swift */,
				A11830EA1E591EF600CBE087 /* FAQViewController.swift */,
				A11830EC1E591F0A00CBE087 /* FAQViewModel.swift */,
				A16484C11E243898008EC78C /* SettingsViewController.swift */,
				A1D1EFB61E381FD00029C009 /* SettingsViewModel.swift */,
			);
			name = View;
			sourceTree = "<group>";
		};
		A1370CDD1E369E2900B55D9E /* Branding */ = {
			isa = PBXGroup;
			children = (
				A1370CE41E36A5D000B55D9E /* BrandedFormViewController.swift */,
				A1D1EFBA1E3833960029C009 /* BrandedNavigationController.swift */,
				A1370CE61E36A5E900B55D9E /* BrandedViewController.swift */,
				A1370CDE1E369E3F00B55D9E /* Branding.swift */,
			);
			name = Branding;
			sourceTree = "<group>";
		};
		A1494AE31E2596B200286EBF /* SpokenTexts */ = {
			isa = PBXGroup;
			children = (
				A1494AEC1E25A9F000286EBF /* Takbir.txt */,
				A1494B0D1E2869B500286EBF /* Opening-Supplication.txt */,
				A1494B141E28762B00286EBF /* Taawwudh.txt */,
				A1494B801E2BF47400286EBF /* Ruku.txt */,
				A1494B871E2C300C00286EBF /* Straightening-Up.txt */,
				A1494B8E1E2C31B900286EBF /* Sajdah.txt */,
				A1494B971E2C49C500286EBF /* Tashahhud.txt */,
				A1494B9E1E2C574A00286EBF /* Salatul-Ibrahimiyyah.txt */,
				A1494BA71E2C628300286EBF /* Rabbanagh.txt */,
				A1494BAE1E2C693C00286EBF /* Salam.txt */,
			);
			path = SpokenTexts;
			sourceTree = "<group>";
		};
		A1494AEF1E27F3DF00286EBF /* Root Files */ = {
			isa = PBXGroup;
			children = (
				A15CF8211EEC37D8008987C2 /* .swiftlint.yml */,
				2E55F0BD20ABBF67000949CF /* beak.swift */,
				A1494AF01E27F3F000286EBF /* Cartfile */,
				A1494AF61E27F52B00286EBF /* Cartfile.private */,
				A1494AF11E27F44B00286EBF /* Cartfile.resolved */,
				A1370CE01E369F1400B55D9E /* Colors.txt */,
				A161E36D1E7EF8B1009C6602 /* fastlane */,
				A161E36B1E7EF826009C6602 /* Gemfile */,
				A161E36C1E7EF869009C6602 /* Gemfile.lock */,
				A13B093C1E91BB04003A375D /* LICENSE.md */,
				A13B093B1E91AAB3003A375D /* README.md */,
			);
			name = "Root Files";
			sourceTree = "<group>";
		};
		A1494AF21E27F46200286EBF /* Carthage */ = {
			isa = PBXGroup;
			children = (
				A1494AF81E27F56300286EBF /* App */,
				A1494AF71E27F55D00286EBF /* Tests */,
			);
			name = Carthage;
			sourceTree = "<group>";
		};
		A1494AF71E27F55D00286EBF /* Tests */ = {
			isa = PBXGroup;
			children = (
				A1494AFA1E27F5A200286EBF /* Nimble.framework */,
				A1494AFD1E27F5C100286EBF /* Quick.framework */,
			);
			name = Tests;
			sourceTree = "<group>";
		};
		A1494AF81E27F56300286EBF /* App */ = {
			isa = PBXGroup;
			children = (
				A1370CD01E35831900B55D9E /* Eureka.framework */,
				A1494AF31E27F47800286EBF /* HandySwift.framework */,
				A11830DA1E58A5F500CBE087 /* HandyUIKit.framework */,
				A1370CD21E368A9300B55D9E /* Imperio.framework */,
				A1370CD51E368DB800B55D9E /* SwiftyBeaver.framework */,
				A1494BD01E2FEBE200286EBF /* SwiftyTimer.framework */,
				A1D1EFB81E38217E0029C009 /* SwiftyUserDefaults.framework */,
			);
			name = App;
			sourceTree = "<group>";
		};
		A1494B021E27F5E200286EBF /* Specs */ = {
			isa = PBXGroup;
			children = (
				A1494B031E27F60400286EBF /* SalahSpec.swift */,
				A1494B051E27F64600286EBF /* RakahSpec.swift */,
				A1494B071E27F65000286EBF /* RakahComponentSpec.swift */,
			);
			name = Specs;
			sourceTree = "<group>";
		};
		A1494B201E29452B00286EBF /* Recitations */ = {
			isa = PBXGroup;
			children = (
				A1494B211E29452B00286EBF /* 001_The-Opening.txt */,
				A1494B791E2B17D100286EBF /* 103_The-Flight-of-Time.txt */,
				A1494B721E2B156500286EBF /* 104_The-Slanderer.txt */,
				A1494B6B1E2B12FD00286EBF /* 105_The-Elephant.txt */,
				A1494B641E2B11FB00286EBF /* 106_Quraysh.txt */,
				A1494B5D1E2B106300286EBF /* 107_Assistance.txt */,
				A1494B561E2B0F8900286EBF /* 108_Good-in-Abundance.txt */,
				A1494B4F1E2B0E1A00286EBF /* 109_Those-Who-Deny-the-Truth.txt */,
				A1494B481E2B0D0900286EBF /* 110_Succour.txt */,
				A1494B411E2B0BAF00286EBF /* 111_The-Twisted-Strands.txt */,
				A1494B3A1E2B0A0000286EBF /* 112_The-Declaration-of-Gods-Perfection.txt */,
				A1494B331E2B085500286EBF /* 113_The-Rising-Dawn.txt */,
				A1494B2C1E2B071100286EBF /* 114_Men.txt */,
			);
			path = Recitations;
			sourceTree = "<group>";
		};
		A1494BCB1E2ED79500286EBF /* Constants */ = {
			isa = PBXGroup;
			children = (
				A1370CE21E36A31100B55D9E /* Colors.swift */,
				A1494BCC1E2ED79500286EBF /* Localizations.swift */,
				A1494BCD1E2ED79500286EBF /* Storyboards.swift */,
			);
			path = Constants;
			sourceTree = "<group>";
		};
		A161E36D1E7EF8B1009C6602 /* fastlane */ = {
			isa = PBXGroup;
			children = (
				A161E36E1E7EF8B1009C6602 /* Appfile */,
				A161E3891E7F3DC0009C6602 /* Deliverfile */,
				A161E36F1E7EF8B1009C6602 /* Fastfile */,
				A161E3701E7EFA30009C6602 /* Snapfile */,
			);
			path = fastlane;
			sourceTree = "<group>";
		};
		A161E3731E7EFA7B009C6602 /* Helpers */ = {
			isa = PBXGroup;
			children = (
				A161E3711E7EFA78009C6602 /* SnapshotHelper.swift */,
			);
			name = Helpers;
			sourceTree = "<group>";
		};
		A16484821E243834008EC78C = {
			isa = PBXGroup;
			children = (
				A16484BC1E243898008EC78C /* Sources */,
				A16484C91E243898008EC78C /* Tests */,
				A16484CE1E243898008EC78C /* UI Tests */,
				A1494AEF1E27F3DF00286EBF /* Root Files */,
				A164848C1E243834008EC78C /* Products */,
				A1494AF21E27F46200286EBF /* Carthage */,
				A11830E01E59147D00CBE087 /* Frameworks */,
			);
			sourceTree = "<group>";
		};
		A164848C1E243834008EC78C /* Products */ = {
			isa = PBXGroup;
			children = (
				A164848B1E243834008EC78C /* Prayer.app */,
				A164849F1E243834008EC78C /* PrayerTests.xctest */,
				A16484AA1E243834008EC78C /* PrayerUITests.xctest */,
			);
			name = Products;
			sourceTree = "<group>";
		};
		A16484BC1E243898008EC78C /* Sources */ = {
			isa = PBXGroup;
			children = (
				A16484BD1E243898008EC78C /* Assets */,
				A16484BF1E243898008EC78C /* Code */,
				A1494BCB1E2ED79500286EBF /* Constants */,
				A16484C21E243898008EC78C /* Supporting Files */,
				A16484C41E243898008EC78C /* User Interface */,
			);
			path = Sources;
			sourceTree = "<group>";
		};
		A16484BD1E243898008EC78C /* Assets */ = {
			isa = PBXGroup;
			children = (
				A1701CF41E33CDC70080C0A1 /* Audio */,
				A1494B201E29452B00286EBF /* Recitations */,
				A1494AE31E2596B200286EBF /* SpokenTexts */,
				A16484BE1E243898008EC78C /* Images.xcassets */,
			);
			path = Assets;
			sourceTree = "<group>";
		};
		A16484BF1E243898008EC78C /* Code */ = {
			isa = PBXGroup;
			children = (
				A16484C01E243898008EC78C /* AppDelegate.swift */,
				A1D1EFBC1E391C560029C009 /* Helpers */,
				A11830DD1E58A73B00CBE087 /* Prayer */,
				A11830DC1E58A73100CBE087 /* Settings */,
			);
			path = Code;
			sourceTree = "<group>";
		};
		A16484C21E243898008EC78C /* Supporting Files */ = {
			isa = PBXGroup;
			children = (
				A16484C31E243898008EC78C /* Info.plist */,
				A1494BB51E2EBF4F00286EBF /* Localizable.strings */,
			);
			path = "Supporting Files";
			sourceTree = "<group>";
		};
		A16484C41E243898008EC78C /* User Interface */ = {
			isa = PBXGroup;
			children = (
				A16484C51E243898008EC78C /* LaunchScreen.storyboard */,
				A1494BC11E2ED5CF00286EBF /* PrayerView.storyboard */,
				A11830EE1E591FD900CBE087 /* Settings.storyboard */,
			);
			path = "User Interface";
			sourceTree = "<group>";
		};
		A16484C91E243898008EC78C /* Tests */ = {
			isa = PBXGroup;
			children = (
				A16484CA1E243898008EC78C /* Code */,
				A16484CC1E243898008EC78C /* Supporting Files */,
			);
			path = Tests;
			sourceTree = "<group>";
		};
		A16484CA1E243898008EC78C /* Code */ = {
			isa = PBXGroup;
			children = (
				A1494B021E27F5E200286EBF /* Specs */,
			);
			path = Code;
			sourceTree = "<group>";
		};
		A16484CC1E243898008EC78C /* Supporting Files */ = {
			isa = PBXGroup;
			children = (
				A16484CD1E243898008EC78C /* Info.plist */,
			);
			path = "Supporting Files";
			sourceTree = "<group>";
		};
		A16484CE1E243898008EC78C /* UI Tests */ = {
			isa = PBXGroup;
			children = (
				A16484CF1E243898008EC78C /* Code */,
				A16484D11E243898008EC78C /* Supporting Files */,
			);
			path = "UI Tests";
			sourceTree = "<group>";
		};
		A16484CF1E243898008EC78C /* Code */ = {
			isa = PBXGroup;
			children = (
				A161E3741E7EFB1B009C6602 /* AppStoreSnapshotUITests.swift */,
				A161E3731E7EFA7B009C6602 /* Helpers */,
			);
			path = Code;
			sourceTree = "<group>";
		};
		A16484D11E243898008EC78C /* Supporting Files */ = {
			isa = PBXGroup;
			children = (
				A16484D21E243898008EC78C /* Info.plist */,
			);
			path = "Supporting Files";
			sourceTree = "<group>";
		};
		A16484DF1E243A81008EC78C /* Model */ = {
			isa = PBXGroup;
			children = (
				A1A6A4651E3A819D00A909FF /* Position.swift */,
				A1D1EFC11E3937FC0029C009 /* PrayerState.swift */,
				A16484E41E243B5F008EC78C /* Rakah.swift */,
				A16484E61E25503C008EC78C /* RakahComponent.swift */,
				A16484E21E243AAC008EC78C /* Salah.swift */,
			);
			name = Model;
			sourceTree = "<group>";
		};
		A1701CF41E33CDC70080C0A1 /* Audio */ = {
			isa = PBXGroup;
			children = (
				A1701CF51E33CDC70080C0A1 /* Movement Sounds */,
			);
			path = Audio;
			sourceTree = "<group>";
		};
		A1701CF51E33CDC70080C0A1 /* Movement Sounds */ = {
			isa = PBXGroup;
			children = (
				A1701D5F1E33CE420080C0A1 /* E-Long */,
				A1701D691E33E7300080C0A1 /* E-Short */,
				A1701D611E33CE420080C0A1 /* C-Long */,
				A1701D621E33CE420080C0A1 /* C-Short */,
				A1701D631E33CE420080C0A1 /* G-Short */,
			);
			path = "Movement Sounds";
			sourceTree = "<group>";
		};
		A1D1EFBC1E391C560029C009 /* Helpers */ = {
			isa = PBXGroup;
			children = (
				A1D1EFBD1E391C700029C009 /* AudioPlayer.swift */,
				A1370CDD1E369E2900B55D9E /* Branding */,
				A1D1EFC31E393F080029C009 /* Countdown.swift */,
				A1370CD71E368DF300B55D9E /* Logger.swift */,
			);
			name = Helpers;
			sourceTree = "<group>";
		};
/* End PBXGroup section */

/* Begin PBXNativeTarget section */
		A164848A1E243834008EC78C /* Prayer */ = {
			isa = PBXNativeTarget;
			buildConfigurationList = A16484B31E243834008EC78C /* Build configuration list for PBXNativeTarget "Prayer" */;
			buildPhases = (
				A1494BB81E2EBFB800286EBF /* BartyCrouch */,
				A1494BCA1E2ED74700286EBF /* SwiftGen */,
				A16484871E243834008EC78C /* Sources */,
				A16484881E243834008EC78C /* Frameworks */,
				A16484891E243834008EC78C /* Resources */,
				A15CF8221EEC3C05008987C2 /* SwiftLint */,
				A1494AF51E27F49200286EBF /* Carthage */,
				A11830DF1E59142500CBE087 /* Fabric */,
			);
			buildRules = (
			);
			dependencies = (
			);
			name = Prayer;
			productName = Prayer;
			productReference = A164848B1E243834008EC78C /* Prayer.app */;
			productType = "com.apple.product-type.application";
		};
		A164849E1E243834008EC78C /* PrayerTests */ = {
			isa = PBXNativeTarget;
			buildConfigurationList = A16484B61E243834008EC78C /* Build configuration list for PBXNativeTarget "PrayerTests" */;
			buildPhases = (
				A164849B1E243834008EC78C /* Sources */,
				A164849C1E243834008EC78C /* Frameworks */,
				A164849D1E243834008EC78C /* Resources */,
				A1494AF91E27F58600286EBF /* Carthage */,
			);
			buildRules = (
			);
			dependencies = (
				A16484A11E243834008EC78C /* PBXTargetDependency */,
			);
			name = PrayerTests;
			productName = PrayerTests;
			productReference = A164849F1E243834008EC78C /* PrayerTests.xctest */;
			productType = "com.apple.product-type.bundle.unit-test";
		};
		A16484A91E243834008EC78C /* PrayerUITests */ = {
			isa = PBXNativeTarget;
			buildConfigurationList = A16484B91E243834008EC78C /* Build configuration list for PBXNativeTarget "PrayerUITests" */;
			buildPhases = (
				A16484A61E243834008EC78C /* Sources */,
				A16484A71E243834008EC78C /* Frameworks */,
				A16484A81E243834008EC78C /* Resources */,
			);
			buildRules = (
			);
			dependencies = (
				A16484AC1E243834008EC78C /* PBXTargetDependency */,
			);
			name = PrayerUITests;
			productName = PrayerUITests;
			productReference = A16484AA1E243834008EC78C /* PrayerUITests.xctest */;
			productType = "com.apple.product-type.bundle.ui-testing";
		};
/* End PBXNativeTarget section */

/* Begin PBXProject section */
		A16484831E243834008EC78C /* Project object */ = {
			isa = PBXProject;
			attributes = {
				LastSwiftUpdateCheck = 0820;
				LastUpgradeCheck = 0930;
				ORGANIZATIONNAME = Flinesoft;
				TargetAttributes = {
					A164848A1E243834008EC78C = {
						CreatedOnToolsVersion = 8.2.1;
						DevelopmentTeam = 767S6EFMJ8;
						LastSwiftMigration = 0900;
						ProvisioningStyle = Automatic;
					};
					A164849E1E243834008EC78C = {
						CreatedOnToolsVersion = 8.2.1;
						DevelopmentTeam = 767S6EFMJ8;
						LastSwiftMigration = 0900;
						ProvisioningStyle = Automatic;
						TestTargetID = A164848A1E243834008EC78C;
					};
					A16484A91E243834008EC78C = {
						CreatedOnToolsVersion = 8.2.1;
						DevelopmentTeam = 767S6EFMJ8;
						LastSwiftMigration = 0900;
						ProvisioningStyle = Automatic;
						TestTargetID = A164848A1E243834008EC78C;
					};
				};
			};
			buildConfigurationList = A16484861E243834008EC78C /* Build configuration list for PBXProject "Prayer" */;
			compatibilityVersion = "Xcode 3.2";
			developmentRegion = English;
			hasScannedForEncodings = 0;
			knownRegions = (
				en,
				Base,
				de,
				tr,
			);
			mainGroup = A16484821E243834008EC78C;
			productRefGroup = A164848C1E243834008EC78C /* Products */;
			projectDirPath = "";
			projectRoot = "";
			targets = (
				A164848A1E243834008EC78C /* Prayer */,
				A164849E1E243834008EC78C /* PrayerTests */,
				A16484A91E243834008EC78C /* PrayerUITests */,
			);
		};
/* End PBXProject section */

/* Begin PBXResourcesBuildPhase section */
		A16484891E243834008EC78C /* Resources */ = {
			isa = PBXResourcesBuildPhase;
			buildActionMask = 2147483647;
			files = (
				A1494B621E2B11FB00286EBF /* 106_Quraysh.txt in Resources */,
				A11830EF1E591FD900CBE087 /* Settings.storyboard in Resources */,
				A1494B0B1E2869B500286EBF /* Opening-Supplication.txt in Resources */,
				A1494B8C1E2C31B900286EBF /* Sajdah.txt in Resources */,
				A1494AEA1E25A9F000286EBF /* Takbir.txt in Resources */,
				A1701D641E33CE420080C0A1 /* E-Long in Resources */,
				A1494BB31E2EBF4F00286EBF /* Localizable.strings in Resources */,
				A1494B771E2B17D100286EBF /* 103_The-Flight-of-Time.txt in Resources */,
				A1701D671E33CE420080C0A1 /* C-Short in Resources */,
				A1494B311E2B085500286EBF /* 113_The-Rising-Dawn.txt in Resources */,
				A1701D661E33CE420080C0A1 /* C-Long in Resources */,
				A1494B7E1E2BF47400286EBF /* Ruku.txt in Resources */,
				A1494BAC1E2C693C00286EBF /* Salam.txt in Resources */,
				A1701D6A1E33E7300080C0A1 /* E-Short in Resources */,
				A1494B381E2B0A0000286EBF /* 112_The-Declaration-of-Gods-Perfection.txt in Resources */,
				A1494B5B1E2B106300286EBF /* 107_Assistance.txt in Resources */,
				A1494B9C1E2C574A00286EBF /* Salatul-Ibrahimiyyah.txt in Resources */,
				A1370CE11E369F1400B55D9E /* Colors.txt in Resources */,
				A1494B541E2B0F8900286EBF /* 108_Good-in-Abundance.txt in Resources */,
				A1494B3F1E2B0BAF00286EBF /* 111_The-Twisted-Strands.txt in Resources */,
				A1494B4D1E2B0E1A00286EBF /* 109_Those-Who-Deny-the-Truth.txt in Resources */,
				A1494B251E29452B00286EBF /* 001_The-Opening.txt in Resources */,
				A1494B691E2B12FD00286EBF /* 105_The-Elephant.txt in Resources */,
				A1494B701E2B156500286EBF /* 104_The-Slanderer.txt in Resources */,
				A1701D681E33CE420080C0A1 /* G-Short in Resources */,
				A16484D71E243898008EC78C /* LaunchScreen.storyboard in Resources */,
				A1494B851E2C300C00286EBF /* Straightening-Up.txt in Resources */,
				A1494B951E2C49C500286EBF /* Tashahhud.txt in Resources */,
				A1494B121E28762B00286EBF /* Taawwudh.txt in Resources */,
				A16484D31E243898008EC78C /* Images.xcassets in Resources */,
				A1494B2A1E2B071100286EBF /* 114_Men.txt in Resources */,
				A1494B461E2B0D0900286EBF /* 110_Succour.txt in Resources */,
				A1494BA51E2C628300286EBF /* Rabbanagh.txt in Resources */,
				A1494BBF1E2ED5CF00286EBF /* PrayerView.storyboard in Resources */,
			);
			runOnlyForDeploymentPostprocessing = 0;
		};
		A164849D1E243834008EC78C /* Resources */ = {
			isa = PBXResourcesBuildPhase;
			buildActionMask = 2147483647;
			files = (
			);
			runOnlyForDeploymentPostprocessing = 0;
		};
		A16484A81E243834008EC78C /* Resources */ = {
			isa = PBXResourcesBuildPhase;
			buildActionMask = 2147483647;
			files = (
				A161E3861E7F1BC8009C6602 /* Localizable.strings in Resources */,
				A161E3871E7F1D81009C6602 /* 001_The-Opening.txt in Resources */,
				A161E3881E7F1D81009C6602 /* Ruku.txt in Resources */,
			);
			runOnlyForDeploymentPostprocessing = 0;
		};
/* End PBXResourcesBuildPhase section */

/* Begin PBXShellScriptBuildPhase section */
		A11830DF1E59142500CBE087 /* Fabric */ = {
			isa = PBXShellScriptBuildPhase;
			buildActionMask = 2147483647;
			files = (
			);
			inputPaths = (
			);
			name = Fabric;
			outputPaths = (
			);
			runOnlyForDeploymentPostprocessing = 0;
			shellPath = /bin/sh;
			shellScript = "./Fabric.framework/run e580ef9eb770f235df136c4477a27366e150599b 8b70ff1fee76e2c9ca4c07086dddf0a12ec6364d9936782e879f467a6a80a322";
		};
		A1494AF51E27F49200286EBF /* Carthage */ = {
			isa = PBXShellScriptBuildPhase;
			buildActionMask = 2147483647;
			files = (
			);
			inputPaths = (
				"$(SRCROOT)/Carthage/Build/iOS/Eureka.framework",
				"$(SRCROOT)/Carthage/Build/iOS/HandySwift.framework",
				"$(SRCROOT)/Carthage/Build/iOS/HandyUIKit.framework",
				"$(SRCROOT)/Carthage/Build/iOS/Imperio.framework",
				"$(SRCROOT)/Carthage/Build/iOS/SwiftyBeaver.framework",
				"$(SRCROOT)/Carthage/Build/iOS/SwiftyTimer.framework",
				"$(SRCROOT)/Carthage/Build/iOS/SwiftyUserDefaults.framework",
			);
			name = Carthage;
			outputPaths = (
			);
			runOnlyForDeploymentPostprocessing = 0;
			shellPath = /bin/sh;
			shellScript = "/usr/local/bin/carthage copy-frameworks";
		};
		A1494BB81E2EBFB800286EBF /* BartyCrouch */ = {
			isa = PBXShellScriptBuildPhase;
			buildActionMask = 2147483647;
			files = (
			);
			inputPaths = (
			);
			name = BartyCrouch;
			outputPaths = (
			);
			runOnlyForDeploymentPostprocessing = 0;
			shellPath = /bin/sh;
			shellScript = "if which bartycrouch > /dev/null; then\n    # Incrementally update all Storyboards/XIBs strings files\n    bartycrouch interfaces -p \"$PROJECT_DIR/Sources\"\n\n    # Add new keys to Localizable.strings files from NSLocalizedString in code\n    bartycrouch code -p \"$PROJECT_DIR/Sources\" -l \"$PROJECT_DIR/Sources\" -a -s\n\n    # Normalize your Strings files to keep them nice and clean\n    bartycrouch normalize -p \"$PROJECT_DIR/Sources\" -l en -d -w -h -s\nelse\n    echo \"warning: BartyCrouch not installed, download it from https://github.com/Flinesoft/BartyCrouch\"\nfi";
		};
		A1494BCA1E2ED74700286EBF /* SwiftGen */ = {
			isa = PBXShellScriptBuildPhase;
			buildActionMask = 2147483647;
			files = (
			);
			inputPaths = (
			);
			name = SwiftGen;
			outputPaths = (
			);
			runOnlyForDeploymentPostprocessing = 0;
			shellPath = /bin/sh;
			shellScript = "if which swiftgen > /dev/null; then\n    swiftgen storyboards \"$PROJECT_DIR/Sources\" -t swift4 -o \"$PROJECT_DIR/Sources/Constants/Storyboards.swift\"\n    swiftgen strings \"$PROJECT_DIR/Sources/Supporting Files/en.lproj/Localizable.strings\" -t structured-swift4 -o \"$PROJECT_DIR/Sources/Constants/Localizations.swift\"\n    swiftgen colors \"$PROJECT_DIR/Colors.txt\" -t swift4 -o \"$PROJECT_DIR/Sources/Constants/Colors.swift\"\nelse\n    echo \"warning: SwiftGen not installed, download it from https://github.com/AliSoftware/SwiftGen\"\nfi";
		};
		A15CF8221EEC3C05008987C2 /* SwiftLint */ = {
			isa = PBXShellScriptBuildPhase;
			buildActionMask = 2147483647;
			files = (
			);
			inputPaths = (
			);
			name = SwiftLint;
			outputPaths = (
			);
			runOnlyForDeploymentPostprocessing = 0;
			shellPath = /bin/sh;
			shellScript = "if which swiftlint > /dev/null; then\n    swiftlint\nelse\n    echo \"warning: SwiftLint not installed, download it from https://github.com/realm/SwiftLint\"\nfi";
		};
/* End PBXShellScriptBuildPhase section */

/* Begin PBXSourcesBuildPhase section */
		A16484871E243834008EC78C /* Sources */ = {
			isa = PBXSourcesBuildPhase;
			buildActionMask = 2147483647;
			files = (
				A1A6A4661E3A819D00A909FF /* Position.swift in Sources */,
				A11830F11E5932BC00CBE087 /* FAQCollectionViewLayout.swift in Sources */,
				A1494BCF1E2ED79500286EBF /* Storyboards.swift in Sources */,
				A1370CE31E36A31100B55D9E /* Colors.swift in Sources */,
				A16484E31E243AAC008EC78C /* Salah.swift in Sources */,
				A16484E51E243B5F008EC78C /* Rakah.swift in Sources */,
				A16484D51E243898008EC78C /* SettingsViewController.swift in Sources */,
				A1370CE71E36A5E900B55D9E /* BrandedViewController.swift in Sources */,
				A1D1EFC01E391FBE0029C009 /* PrayerViewModel.swift in Sources */,
				A1370CE51E36A5D000B55D9E /* BrandedFormViewController.swift in Sources */,
				A11830ED1E591F0A00CBE087 /* FAQViewModel.swift in Sources */,
				A1494BC91E2ED60500286EBF /* PrayerViewController.swift in Sources */,
				A1370CDF1E369E3F00B55D9E /* Branding.swift in Sources */,
				A1D1EFC21E3937FC0029C009 /* PrayerState.swift in Sources */,
				A1D1EFC41E393F080029C009 /* Countdown.swift in Sources */,
				A1370CDB1E368FA600B55D9E /* SettingsCoordinator.swift in Sources */,
				A1494BCE1E2ED79500286EBF /* Localizations.swift in Sources */,
				A1D1EFBE1E391C700029C009 /* AudioPlayer.swift in Sources */,
				A16484D41E243898008EC78C /* AppDelegate.swift in Sources */,
				A16484E71E25503C008EC78C /* RakahComponent.swift in Sources */,
				A11830EB1E591EF600CBE087 /* FAQViewController.swift in Sources */,
				A1D1EFBB1E3833960029C009 /* BrandedNavigationController.swift in Sources */,
				A1370CD81E368DF300B55D9E /* Logger.swift in Sources */,
				A1370CE91E37394600B55D9E /* PrayerCoordinator.swift in Sources */,
				A1D1EFB71E381FD00029C009 /* SettingsViewModel.swift in Sources */,
				A11830F91E59BDE200CBE087 /* FAQCollectionViewCell.swift in Sources */,
			);
			runOnlyForDeploymentPostprocessing = 0;
		};
		A164849B1E243834008EC78C /* Sources */ = {
			isa = PBXSourcesBuildPhase;
			buildActionMask = 2147483647;
			files = (
				A1494B061E27F64600286EBF /* RakahSpec.swift in Sources */,
				A1494B081E27F65000286EBF /* RakahComponentSpec.swift in Sources */,
				A1494B041E27F60400286EBF /* SalahSpec.swift in Sources */,
			);
			runOnlyForDeploymentPostprocessing = 0;
		};
		A16484A61E243834008EC78C /* Sources */ = {
			isa = PBXSourcesBuildPhase;
			buildActionMask = 2147483647;
			files = (
				A161E3751E7EFB1B009C6602 /* AppStoreSnapshotUITests.swift in Sources */,
				A161E3721E7EFA78009C6602 /* SnapshotHelper.swift in Sources */,
			);
			runOnlyForDeploymentPostprocessing = 0;
		};
/* End PBXSourcesBuildPhase section */

/* Begin PBXTargetDependency section */
		A16484A11E243834008EC78C /* PBXTargetDependency */ = {
			isa = PBXTargetDependency;
			target = A164848A1E243834008EC78C /* Prayer */;
			targetProxy = A16484A01E243834008EC78C /* PBXContainerItemProxy */;
		};
		A16484AC1E243834008EC78C /* PBXTargetDependency */ = {
			isa = PBXTargetDependency;
			target = A164848A1E243834008EC78C /* Prayer */;
			targetProxy = A16484AB1E243834008EC78C /* PBXContainerItemProxy */;
		};
/* End PBXTargetDependency section */

/* Begin PBXVariantGroup section */
		A1494AEC1E25A9F000286EBF /* Takbir.txt */ = {
			isa = PBXVariantGroup;
			children = (
				A1494AEB1E25A9F000286EBF /* en */,
				A1494AED1E25A9F100286EBF /* de */,
				A1494AEE1E25A9F200286EBF /* tr */,
			);
			name = Takbir.txt;
			sourceTree = "<group>";
		};
		A1494B0D1E2869B500286EBF /* Opening-Supplication.txt */ = {
			isa = PBXVariantGroup;
			children = (
				A1494B0C1E2869B500286EBF /* en */,
				A1494B0E1E2869B600286EBF /* de */,
				A1494B0F1E2869B700286EBF /* tr */,
			);
			name = "Opening-Supplication.txt";
			sourceTree = "<group>";
		};
		A1494B141E28762B00286EBF /* Taawwudh.txt */ = {
			isa = PBXVariantGroup;
			children = (
				A1494B131E28762B00286EBF /* en */,
				A1494B151E28762C00286EBF /* de */,
				A1494B161E28762D00286EBF /* tr */,
			);
			name = Taawwudh.txt;
			sourceTree = "<group>";
		};
		A1494B211E29452B00286EBF /* 001_The-Opening.txt */ = {
			isa = PBXVariantGroup;
			children = (
				A1494B221E29452B00286EBF /* de */,
				A1494B231E29452B00286EBF /* en */,
				A1494B241E29452B00286EBF /* tr */,
			);
			name = "001_The-Opening.txt";
			sourceTree = "<group>";
		};
		A1494B2C1E2B071100286EBF /* 114_Men.txt */ = {
			isa = PBXVariantGroup;
			children = (
				A1494B2B1E2B071100286EBF /* en */,
				A1494B2D1E2B071200286EBF /* de */,
				A1494B2E1E2B071300286EBF /* tr */,
			);
			name = 114_Men.txt;
			sourceTree = "<group>";
		};
		A1494B331E2B085500286EBF /* 113_The-Rising-Dawn.txt */ = {
			isa = PBXVariantGroup;
			children = (
				A1494B321E2B085500286EBF /* en */,
				A1494B341E2B085700286EBF /* de */,
				A1494B351E2B085800286EBF /* tr */,
			);
			name = "113_The-Rising-Dawn.txt";
			sourceTree = "<group>";
		};
		A1494B3A1E2B0A0000286EBF /* 112_The-Declaration-of-Gods-Perfection.txt */ = {
			isa = PBXVariantGroup;
			children = (
				A1494B391E2B0A0000286EBF /* en */,
				A1494B3B1E2B0A0100286EBF /* de */,
				A1494B3C1E2B0A0200286EBF /* tr */,
			);
			name = "112_The-Declaration-of-Gods-Perfection.txt";
			sourceTree = "<group>";
		};
		A1494B411E2B0BAF00286EBF /* 111_The-Twisted-Strands.txt */ = {
			isa = PBXVariantGroup;
			children = (
				A1494B401E2B0BAF00286EBF /* en */,
				A1494B421E2B0BB000286EBF /* de */,
				A1494B431E2B0BB100286EBF /* tr */,
			);
			name = "111_The-Twisted-Strands.txt";
			sourceTree = "<group>";
		};
		A1494B481E2B0D0900286EBF /* 110_Succour.txt */ = {
			isa = PBXVariantGroup;
			children = (
				A1494B471E2B0D0900286EBF /* en */,
				A1494B491E2B0D0B00286EBF /* de */,
				A1494B4A1E2B0D0B00286EBF /* tr */,
			);
			name = 110_Succour.txt;
			sourceTree = "<group>";
		};
		A1494B4F1E2B0E1A00286EBF /* 109_Those-Who-Deny-the-Truth.txt */ = {
			isa = PBXVariantGroup;
			children = (
				A1494B4E1E2B0E1A00286EBF /* en */,
				A1494B501E2B0E1C00286EBF /* de */,
				A1494B511E2B0E1D00286EBF /* tr */,
			);
			name = "109_Those-Who-Deny-the-Truth.txt";
			sourceTree = "<group>";
		};
		A1494B561E2B0F8900286EBF /* 108_Good-in-Abundance.txt */ = {
			isa = PBXVariantGroup;
			children = (
				A1494B551E2B0F8900286EBF /* en */,
				A1494B571E2B0F8B00286EBF /* de */,
				A1494B581E2B0F8C00286EBF /* tr */,
			);
			name = "108_Good-in-Abundance.txt";
			sourceTree = "<group>";
		};
		A1494B5D1E2B106300286EBF /* 107_Assistance.txt */ = {
			isa = PBXVariantGroup;
			children = (
				A1494B5C1E2B106300286EBF /* en */,
				A1494B5E1E2B106500286EBF /* de */,
				A1494B5F1E2B106600286EBF /* tr */,
			);
			name = 107_Assistance.txt;
			sourceTree = "<group>";
		};
		A1494B641E2B11FB00286EBF /* 106_Quraysh.txt */ = {
			isa = PBXVariantGroup;
			children = (
				A1494B631E2B11FB00286EBF /* en */,
				A1494B651E2B11FD00286EBF /* de */,
				A1494B661E2B11FD00286EBF /* tr */,
			);
			name = 106_Quraysh.txt;
			sourceTree = "<group>";
		};
		A1494B6B1E2B12FD00286EBF /* 105_The-Elephant.txt */ = {
			isa = PBXVariantGroup;
			children = (
				A1494B6A1E2B12FD00286EBF /* en */,
				A1494B6C1E2B131000286EBF /* de */,
				A1494B6D1E2B131100286EBF /* tr */,
			);
			name = "105_The-Elephant.txt";
			sourceTree = "<group>";
		};
		A1494B721E2B156500286EBF /* 104_The-Slanderer.txt */ = {
			isa = PBXVariantGroup;
			children = (
				A1494B711E2B156500286EBF /* en */,
				A1494B731E2B156800286EBF /* de */,
				A1494B741E2B156900286EBF /* tr */,
			);
			name = "104_The-Slanderer.txt";
			sourceTree = "<group>";
		};
		A1494B791E2B17D100286EBF /* 103_The-Flight-of-Time.txt */ = {
			isa = PBXVariantGroup;
			children = (
				A1494B781E2B17D100286EBF /* en */,
				A1494B7A1E2B17D300286EBF /* de */,
				A1494B7B1E2B17D300286EBF /* tr */,
			);
			name = "103_The-Flight-of-Time.txt";
			sourceTree = "<group>";
		};
		A1494B801E2BF47400286EBF /* Ruku.txt */ = {
			isa = PBXVariantGroup;
			children = (
				A1494B7F1E2BF47400286EBF /* en */,
				A1494B811E2BF47500286EBF /* de */,
				A1494B821E2BF47500286EBF /* tr */,
			);
			name = Ruku.txt;
			sourceTree = "<group>";
		};
		A1494B871E2C300C00286EBF /* Straightening-Up.txt */ = {
			isa = PBXVariantGroup;
			children = (
				A1494B861E2C300C00286EBF /* en */,
				A1494B881E2C300D00286EBF /* de */,
				A1494B891E2C300D00286EBF /* tr */,
			);
			name = "Straightening-Up.txt";
			sourceTree = "<group>";
		};
		A1494B8E1E2C31B900286EBF /* Sajdah.txt */ = {
			isa = PBXVariantGroup;
			children = (
				A1494B8D1E2C31B900286EBF /* en */,
				A1494B8F1E2C31BB00286EBF /* de */,
				A1494B901E2C31BB00286EBF /* tr */,
			);
			name = Sajdah.txt;
			sourceTree = "<group>";
		};
		A1494B971E2C49C500286EBF /* Tashahhud.txt */ = {
			isa = PBXVariantGroup;
			children = (
				A1494B961E2C49C500286EBF /* en */,
				A1494B981E2C49C600286EBF /* de */,
				A1494B991E2C49C800286EBF /* tr */,
			);
			name = Tashahhud.txt;
			sourceTree = "<group>";
		};
		A1494B9E1E2C574A00286EBF /* Salatul-Ibrahimiyyah.txt */ = {
			isa = PBXVariantGroup;
			children = (
				A1494B9D1E2C574A00286EBF /* en */,
				A1494BA11E2C575D00286EBF /* de */,
				A1494BA21E2C575F00286EBF /* tr */,
			);
			name = "Salatul-Ibrahimiyyah.txt";
			sourceTree = "<group>";
		};
		A1494BA71E2C628300286EBF /* Rabbanagh.txt */ = {
			isa = PBXVariantGroup;
			children = (
				A1494BA61E2C628300286EBF /* en */,
				A1494BA81E2C628400286EBF /* de */,
				A1494BA91E2C628400286EBF /* tr */,
			);
			name = Rabbanagh.txt;
			sourceTree = "<group>";
		};
		A1494BAE1E2C693C00286EBF /* Salam.txt */ = {
			isa = PBXVariantGroup;
			children = (
				A1494BAD1E2C693C00286EBF /* en */,
				A1494BAF1E2C693D00286EBF /* de */,
				A1494BB01E2C693E00286EBF /* tr */,
			);
			name = Salam.txt;
			sourceTree = "<group>";
		};
		A1494BB51E2EBF4F00286EBF /* Localizable.strings */ = {
			isa = PBXVariantGroup;
			children = (
				A1494BB41E2EBF4F00286EBF /* en */,
				A1494BB61E2EBF5200286EBF /* de */,
				A1494BB71E2EBF5200286EBF /* tr */,
			);
			name = Localizable.strings;
			sourceTree = "<group>";
		};
		A1494BC11E2ED5CF00286EBF /* PrayerView.storyboard */ = {
			isa = PBXVariantGroup;
			children = (
				A1494BC01E2ED5CF00286EBF /* Base */,
			);
			name = PrayerView.storyboard;
			sourceTree = "<group>";
		};
		A16484C51E243898008EC78C /* LaunchScreen.storyboard */ = {
			isa = PBXVariantGroup;
			children = (
				A16484C61E243898008EC78C /* Base */,
				A1494AE61E25A9CE00286EBF /* de */,
				A1494AE81E25A9D500286EBF /* tr */,
				A1494BBC1E2ED3C900286EBF /* en */,
			);
			name = LaunchScreen.storyboard;
			sourceTree = "<group>";
		};
/* End PBXVariantGroup section */

/* Begin XCBuildConfiguration section */
		A16484B11E243834008EC78C /* Debug */ = {
			isa = XCBuildConfiguration;
			buildSettings = {
				ALWAYS_SEARCH_USER_PATHS = NO;
				CLANG_ANALYZER_LOCALIZABILITY_NONLOCALIZED = YES;
				CLANG_ANALYZER_NONNULL = YES;
				CLANG_CXX_LANGUAGE_STANDARD = "gnu++0x";
				CLANG_CXX_LIBRARY = "libc++";
				CLANG_ENABLE_MODULES = YES;
				CLANG_ENABLE_OBJC_ARC = YES;
				CLANG_WARN_BLOCK_CAPTURE_AUTORELEASING = YES;
				CLANG_WARN_BOOL_CONVERSION = YES;
				CLANG_WARN_COMMA = YES;
				CLANG_WARN_CONSTANT_CONVERSION = YES;
				CLANG_WARN_DEPRECATED_OBJC_IMPLEMENTATIONS = YES;
				CLANG_WARN_DIRECT_OBJC_ISA_USAGE = YES_ERROR;
				CLANG_WARN_DOCUMENTATION_COMMENTS = YES;
				CLANG_WARN_EMPTY_BODY = YES;
				CLANG_WARN_ENUM_CONVERSION = YES;
				CLANG_WARN_INFINITE_RECURSION = YES;
				CLANG_WARN_INT_CONVERSION = YES;
				CLANG_WARN_NON_LITERAL_NULL_CONVERSION = YES;
				CLANG_WARN_OBJC_IMPLICIT_RETAIN_SELF = YES;
				CLANG_WARN_OBJC_LITERAL_CONVERSION = YES;
				CLANG_WARN_OBJC_ROOT_CLASS = YES_ERROR;
				CLANG_WARN_RANGE_LOOP_ANALYSIS = YES;
				CLANG_WARN_STRICT_PROTOTYPES = YES;
				CLANG_WARN_SUSPICIOUS_MOVE = YES;
				CLANG_WARN_UNREACHABLE_CODE = YES;
				CLANG_WARN__DUPLICATE_METHOD_MATCH = YES;
				"CODE_SIGN_IDENTITY[sdk=iphoneos*]" = "iPhone Developer";
				COPY_PHASE_STRIP = NO;
				DEBUG_INFORMATION_FORMAT = dwarf;
				ENABLE_STRICT_OBJC_MSGSEND = YES;
				ENABLE_TESTABILITY = YES;
				GCC_C_LANGUAGE_STANDARD = gnu99;
				GCC_DYNAMIC_NO_PIC = NO;
				GCC_NO_COMMON_BLOCKS = YES;
				GCC_OPTIMIZATION_LEVEL = 0;
				GCC_PREPROCESSOR_DEFINITIONS = (
					"DEBUG=1",
					"$(inherited)",
				);
				GCC_WARN_64_TO_32_BIT_CONVERSION = YES;
				GCC_WARN_ABOUT_RETURN_TYPE = YES_ERROR;
				GCC_WARN_UNDECLARED_SELECTOR = YES;
				GCC_WARN_UNINITIALIZED_AUTOS = YES_AGGRESSIVE;
				GCC_WARN_UNUSED_FUNCTION = YES;
				GCC_WARN_UNUSED_VARIABLE = YES;
				IPHONEOS_DEPLOYMENT_TARGET = 10.0;
				MTL_ENABLE_DEBUG_INFO = YES;
				ONLY_ACTIVE_ARCH = YES;
				SDKROOT = iphoneos;
				SWIFT_ACTIVE_COMPILATION_CONDITIONS = DEBUG;
				SWIFT_OPTIMIZATION_LEVEL = "-Onone";
				SWIFT_SWIFT3_OBJC_INFERENCE = Off;
				TARGETED_DEVICE_FAMILY = "1,2";
			};
			name = Debug;
		};
		A16484B21E243834008EC78C /* Release */ = {
			isa = XCBuildConfiguration;
			buildSettings = {
				ALWAYS_SEARCH_USER_PATHS = NO;
				CLANG_ANALYZER_LOCALIZABILITY_NONLOCALIZED = YES;
				CLANG_ANALYZER_NONNULL = YES;
				CLANG_CXX_LANGUAGE_STANDARD = "gnu++0x";
				CLANG_CXX_LIBRARY = "libc++";
				CLANG_ENABLE_MODULES = YES;
				CLANG_ENABLE_OBJC_ARC = YES;
				CLANG_WARN_BLOCK_CAPTURE_AUTORELEASING = YES;
				CLANG_WARN_BOOL_CONVERSION = YES;
				CLANG_WARN_COMMA = YES;
				CLANG_WARN_CONSTANT_CONVERSION = YES;
				CLANG_WARN_DEPRECATED_OBJC_IMPLEMENTATIONS = YES;
				CLANG_WARN_DIRECT_OBJC_ISA_USAGE = YES_ERROR;
				CLANG_WARN_DOCUMENTATION_COMMENTS = YES;
				CLANG_WARN_EMPTY_BODY = YES;
				CLANG_WARN_ENUM_CONVERSION = YES;
				CLANG_WARN_INFINITE_RECURSION = YES;
				CLANG_WARN_INT_CONVERSION = YES;
				CLANG_WARN_NON_LITERAL_NULL_CONVERSION = YES;
				CLANG_WARN_OBJC_IMPLICIT_RETAIN_SELF = YES;
				CLANG_WARN_OBJC_LITERAL_CONVERSION = YES;
				CLANG_WARN_OBJC_ROOT_CLASS = YES_ERROR;
				CLANG_WARN_RANGE_LOOP_ANALYSIS = YES;
				CLANG_WARN_STRICT_PROTOTYPES = YES;
				CLANG_WARN_SUSPICIOUS_MOVE = YES;
				CLANG_WARN_UNREACHABLE_CODE = YES;
				CLANG_WARN__DUPLICATE_METHOD_MATCH = YES;
				"CODE_SIGN_IDENTITY[sdk=iphoneos*]" = "iPhone Developer";
				COPY_PHASE_STRIP = NO;
				DEBUG_INFORMATION_FORMAT = "dwarf-with-dsym";
				ENABLE_NS_ASSERTIONS = NO;
				ENABLE_STRICT_OBJC_MSGSEND = YES;
				GCC_C_LANGUAGE_STANDARD = gnu99;
				GCC_NO_COMMON_BLOCKS = YES;
				GCC_WARN_64_TO_32_BIT_CONVERSION = YES;
				GCC_WARN_ABOUT_RETURN_TYPE = YES_ERROR;
				GCC_WARN_UNDECLARED_SELECTOR = YES;
				GCC_WARN_UNINITIALIZED_AUTOS = YES_AGGRESSIVE;
				GCC_WARN_UNUSED_FUNCTION = YES;
				GCC_WARN_UNUSED_VARIABLE = YES;
				IPHONEOS_DEPLOYMENT_TARGET = 10.0;
				MTL_ENABLE_DEBUG_INFO = NO;
				SDKROOT = iphoneos;
				SWIFT_OPTIMIZATION_LEVEL = "-Owholemodule";
				SWIFT_SWIFT3_OBJC_INFERENCE = Off;
				TARGETED_DEVICE_FAMILY = "1,2";
				VALIDATE_PRODUCT = YES;
			};
			name = Release;
		};
		A16484B41E243834008EC78C /* Debug */ = {
			isa = XCBuildConfiguration;
			buildSettings = {
				ASSETCATALOG_COMPILER_APPICON_NAME = AppIcon;
				DEBUG_INFORMATION_FORMAT = "dwarf-with-dsym";
				DEVELOPMENT_TEAM = 767S6EFMJ8;
				FRAMEWORK_SEARCH_PATHS = (
					"$(inherited)",
					"$(PROJECT_DIR)/Carthage/Build/iOS",
					"$(PROJECT_DIR)",
				);
				INFOPLIST_FILE = "$(SRCROOT)/Sources/Supporting Files/Info.plist";
				LD_RUNPATH_SEARCH_PATHS = "$(inherited) @executable_path/Frameworks";
				PRODUCT_BUNDLE_IDENTIFIER = com.flinesoft.Prayer;
				PRODUCT_NAME = "$(TARGET_NAME)";
				SWIFT_VERSION = 4.0;
			};
			name = Debug;
		};
		A16484B51E243834008EC78C /* Release */ = {
			isa = XCBuildConfiguration;
			buildSettings = {
				ASSETCATALOG_COMPILER_APPICON_NAME = AppIcon;
				DEBUG_INFORMATION_FORMAT = "dwarf-with-dsym";
				DEVELOPMENT_TEAM = 767S6EFMJ8;
				FRAMEWORK_SEARCH_PATHS = (
					"$(inherited)",
					"$(PROJECT_DIR)/Carthage/Build/iOS",
					"$(PROJECT_DIR)",
				);
				INFOPLIST_FILE = "$(SRCROOT)/Sources/Supporting Files/Info.plist";
				LD_RUNPATH_SEARCH_PATHS = "$(inherited) @executable_path/Frameworks";
				PRODUCT_BUNDLE_IDENTIFIER = com.flinesoft.Prayer;
				PRODUCT_NAME = "$(TARGET_NAME)";
				SWIFT_VERSION = 4.0;
			};
			name = Release;
		};
		A16484B71E243834008EC78C /* Debug */ = {
			isa = XCBuildConfiguration;
			buildSettings = {
				ALWAYS_EMBED_SWIFT_STANDARD_LIBRARIES = YES;
				BUNDLE_LOADER = "$(TEST_HOST)";
				CLANG_ENABLE_MODULES = YES;
				DEVELOPMENT_TEAM = 767S6EFMJ8;
				FRAMEWORK_SEARCH_PATHS = (
					"$(inherited)",
					"$(PROJECT_DIR)/Carthage/Build/iOS",
				);
				INFOPLIST_FILE = "$(SRCROOT)/Tests/Supporting Files/Info.plist";
				LD_RUNPATH_SEARCH_PATHS = "$(inherited) @executable_path/Frameworks @loader_path/Frameworks";
				PRODUCT_BUNDLE_IDENTIFIER = com.flinesoft.PrayerTests;
				PRODUCT_NAME = "$(TARGET_NAME)";
				SWIFT_OPTIMIZATION_LEVEL = "-Onone";
				SWIFT_VERSION = 4.0;
				TEST_HOST = "$(BUILT_PRODUCTS_DIR)/Prayer.app/Prayer";
			};
			name = Debug;
		};
		A16484B81E243834008EC78C /* Release */ = {
			isa = XCBuildConfiguration;
			buildSettings = {
				ALWAYS_EMBED_SWIFT_STANDARD_LIBRARIES = YES;
				BUNDLE_LOADER = "$(TEST_HOST)";
				CLANG_ENABLE_MODULES = YES;
				DEVELOPMENT_TEAM = 767S6EFMJ8;
				FRAMEWORK_SEARCH_PATHS = (
					"$(inherited)",
					"$(PROJECT_DIR)/Carthage/Build/iOS",
				);
				INFOPLIST_FILE = "$(SRCROOT)/Tests/Supporting Files/Info.plist";
				LD_RUNPATH_SEARCH_PATHS = "$(inherited) @executable_path/Frameworks @loader_path/Frameworks";
				PRODUCT_BUNDLE_IDENTIFIER = com.flinesoft.PrayerTests;
				PRODUCT_NAME = "$(TARGET_NAME)";
				SWIFT_VERSION = 4.0;
				TEST_HOST = "$(BUILT_PRODUCTS_DIR)/Prayer.app/Prayer";
			};
			name = Release;
		};
		A16484BA1E243834008EC78C /* Debug */ = {
			isa = XCBuildConfiguration;
			buildSettings = {
				ALWAYS_EMBED_SWIFT_STANDARD_LIBRARIES = YES;
				DEVELOPMENT_TEAM = 767S6EFMJ8;
				INFOPLIST_FILE = "$(SRCROOT)/UI Tests/Supporting Files/Info.plist";
				LD_RUNPATH_SEARCH_PATHS = "$(inherited) @executable_path/Frameworks @loader_path/Frameworks";
				PRODUCT_BUNDLE_IDENTIFIER = com.flinesoft.PrayerUITests;
				PRODUCT_NAME = "$(TARGET_NAME)";
				SWIFT_VERSION = 4.0;
				TEST_TARGET_NAME = Prayer;
			};
			name = Debug;
		};
		A16484BB1E243834008EC78C /* Release */ = {
			isa = XCBuildConfiguration;
			buildSettings = {
				ALWAYS_EMBED_SWIFT_STANDARD_LIBRARIES = YES;
				DEVELOPMENT_TEAM = 767S6EFMJ8;
				INFOPLIST_FILE = "$(SRCROOT)/UI Tests/Supporting Files/Info.plist";
				LD_RUNPATH_SEARCH_PATHS = "$(inherited) @executable_path/Frameworks @loader_path/Frameworks";
				PRODUCT_BUNDLE_IDENTIFIER = com.flinesoft.PrayerUITests;
				PRODUCT_NAME = "$(TARGET_NAME)";
				SWIFT_VERSION = 4.0;
				TEST_TARGET_NAME = Prayer;
			};
			name = Release;
		};
/* End XCBuildConfiguration section */

/* Begin XCConfigurationList section */
		A16484861E243834008EC78C /* Build configuration list for PBXProject "Prayer" */ = {
			isa = XCConfigurationList;
			buildConfigurations = (
				A16484B11E243834008EC78C /* Debug */,
				A16484B21E243834008EC78C /* Release */,
			);
			defaultConfigurationIsVisible = 0;
			defaultConfigurationName = Release;
		};
		A16484B31E243834008EC78C /* Build configuration list for PBXNativeTarget "Prayer" */ = {
			isa = XCConfigurationList;
			buildConfigurations = (
				A16484B41E243834008EC78C /* Debug */,
				A16484B51E243834008EC78C /* Release */,
			);
			defaultConfigurationIsVisible = 0;
			defaultConfigurationName = Release;
		};
		A16484B61E243834008EC78C /* Build configuration list for PBXNativeTarget "PrayerTests" */ = {
			isa = XCConfigurationList;
			buildConfigurations = (
				A16484B71E243834008EC78C /* Debug */,
				A16484B81E243834008EC78C /* Release */,
			);
			defaultConfigurationIsVisible = 0;
			defaultConfigurationName = Release;
		};
		A16484B91E243834008EC78C /* Build configuration list for PBXNativeTarget "PrayerUITests" */ = {
			isa = XCConfigurationList;
			buildConfigurations = (
				A16484BA1E243834008EC78C /* Debug */,
				A16484BB1E243834008EC78C /* Release */,
			);
			defaultConfigurationIsVisible = 0;
			defaultConfigurationName = Release;
		};
/* End XCConfigurationList section */
	};
	rootObject = A16484831E243834008EC78C /* Project object */;
}
