// !$*UTF8*$!
{
	archiveVersion = 1;
	classes = {
	};
	objectVersion = 46;
	objects = {

/* Begin PBXBuildFile section */
		A164848F1E243834008EC78C /* AppDelegate.swift in Sources */ = {isa = PBXBuildFile; fileRef = A164848E1E243834008EC78C /* AppDelegate.swift */; };
		A16484911E243834008EC78C /* ViewController.swift in Sources */ = {isa = PBXBuildFile; fileRef = A16484901E243834008EC78C /* ViewController.swift */; };
		A16484941E243834008EC78C /* Main.storyboard in Resources */ = {isa = PBXBuildFile; fileRef = A16484921E243834008EC78C /* Main.storyboard */; };
		A16484961E243834008EC78C /* Assets.xcassets in Resources */ = {isa = PBXBuildFile; fileRef = A16484951E243834008EC78C /* Assets.xcassets */; };
		A16484991E243834008EC78C /* LaunchScreen.storyboard in Resources */ = {isa = PBXBuildFile; fileRef = A16484971E243834008EC78C /* LaunchScreen.storyboard */; };
		A16484A41E243834008EC78C /* PrayerTests.swift in Sources */ = {isa = PBXBuildFile; fileRef = A16484A31E243834008EC78C /* PrayerTests.swift */; };
		A16484AF1E243834008EC78C /* PrayerUITests.swift in Sources */ = {isa = PBXBuildFile; fileRef = A16484AE1E243834008EC78C /* PrayerUITests.swift */; };
/* End PBXBuildFile section */

/* Begin PBXContainerItemProxy section */
		A16484A01E243834008EC78C /* PBXContainerItemProxy */ = {
			isa = PBXContainerItemProxy;
			containerPortal = A16484831E243834008EC78C /* Project object */;
			proxyType = 1;
			remoteGlobalIDString = A164848A1E243834008EC78C;
			remoteInfo = Prayer;
		};
		A16484AB1E243834008EC78C /* PBXContainerItemProxy */ = {
			isa = PBXContainerItemProxy;
			containerPortal = A16484831E243834008EC78C /* Project object */;
			proxyType = 1;
			remoteGlobalIDString = A164848A1E243834008EC78C;
			remoteInfo = Prayer;
		};
/* End PBXContainerItemProxy section */

/* Begin PBXFileReference section */
		A164848B1E243834008EC78C /* Prayer.app */ = {isa = PBXFileReference; explicitFileType = wrapper.application; includeInIndex = 0; path = Prayer.app; sourceTree = BUILT_PRODUCTS_DIR; };
		A164848E1E243834008EC78C /* AppDelegate.swift */ = {isa = PBXFileReference; lastKnownFileType = sourcecode.swift; path = AppDelegate.swift; sourceTree = "<group>"; };
		A16484901E243834008EC78C /* ViewController.swift */ = {isa = PBXFileReference; lastKnownFileType = sourcecode.swift; path = ViewController.swift; sourceTree = "<group>"; };
		A16484931E243834008EC78C /* Base */ = {isa = PBXFileReference; lastKnownFileType = file.storyboard; name = Base; path = Base.lproj/Main.storyboard; sourceTree = "<group>"; };
		A16484951E243834008EC78C /* Assets.xcassets */ = {isa = PBXFileReference; lastKnownFileType = folder.assetcatalog; path = Assets.xcassets; sourceTree = "<group>"; };
		A16484981E243834008EC78C /* Base */ = {isa = PBXFileReference; lastKnownFileType = file.storyboard; name = Base; path = Base.lproj/LaunchScreen.storyboard; sourceTree = "<group>"; };
		A164849A1E243834008EC78C /* Info.plist */ = {isa = PBXFileReference; lastKnownFileType = text.plist.xml; path = Info.plist; sourceTree = "<group>"; };
		A164849F1E243834008EC78C /* PrayerTests.xctest */ = {isa = PBXFileReference; explicitFileType = wrapper.cfbundle; includeInIndex = 0; path = PrayerTests.xctest; sourceTree = BUILT_PRODUCTS_DIR; };
		A16484A31E243834008EC78C /* PrayerTests.swift */ = {isa = PBXFileReference; lastKnownFileType = sourcecode.swift; path = PrayerTests.swift; sourceTree = "<group>"; };
		A16484A51E243834008EC78C /* Info.plist */ = {isa = PBXFileReference; lastKnownFileType = text.plist.xml; path = Info.plist; sourceTree = "<group>"; };
		A16484AA1E243834008EC78C /* PrayerUITests.xctest */ = {isa = PBXFileReference; explicitFileType = wrapper.cfbundle; includeInIndex = 0; path = PrayerUITests.xctest; sourceTree = BUILT_PRODUCTS_DIR; };
		A16484AE1E243834008EC78C /* PrayerUITests.swift */ = {isa = PBXFileReference; lastKnownFileType = sourcecode.swift; path = PrayerUITests.swift; sourceTree = "<group>"; };
		A16484B01E243834008EC78C /* Info.plist */ = {isa = PBXFileReference; lastKnownFileType = text.plist.xml; path = Info.plist; sourceTree = "<group>"; };
/* End PBXFileReference section */

/* Begin PBXFrameworksBuildPhase section */
		A16484881E243834008EC78C /* Frameworks */ = {
			isa = PBXFrameworksBuildPhase;
			buildActionMask = 2147483647;
			files = (
			);
			runOnlyForDeploymentPostprocessing = 0;
		};
		A164849C1E243834008EC78C /* Frameworks */ = {
			isa = PBXFrameworksBuildPhase;
			buildActionMask = 2147483647;
			files = (
			);
			runOnlyForDeploymentPostprocessing = 0;
		};
		A16484A71E243834008EC78C /* Frameworks */ = {
			isa = PBXFrameworksBuildPhase;
			buildActionMask = 2147483647;
			files = (
			);
			runOnlyForDeploymentPostprocessing = 0;
		};
/* End PBXFrameworksBuildPhase section */

/* Begin PBXGroup section */
		A16484821E243834008EC78C = {
			isa = PBXGroup;
			children = (
				A164848D1E243834008EC78C /* Prayer */,
				A16484A21E243834008EC78C /* PrayerTests */,
				A16484AD1E243834008EC78C /* PrayerUITests */,
				A164848C1E243834008EC78C /* Products */,
			);
			sourceTree = "<group>";
		};
		A164848C1E243834008EC78C /* Products */ = {
			isa = PBXGroup;
			children = (
				A164848B1E243834008EC78C /* Prayer.app */,
				A164849F1E243834008EC78C /* PrayerTests.xctest */,
				A16484AA1E243834008EC78C /* PrayerUITests.xctest */,
			);
			name = Products;
			sourceTree = "<group>";
		};
		A164848D1E243834008EC78C /* Prayer */ = {
			isa = PBXGroup;
			children = (
				A164848E1E243834008EC78C /* AppDelegate.swift */,
				A16484901E243834008EC78C /* ViewController.swift */,
				A16484921E243834008EC78C /* Main.storyboard */,
				A16484951E243834008EC78C /* Assets.xcassets */,
				A16484971E243834008EC78C /* LaunchScreen.storyboard */,
				A164849A1E243834008EC78C /* Info.plist */,
			);
			path = Prayer;
			sourceTree = "<group>";
		};
		A16484A21E243834008EC78C /* PrayerTests */ = {
			isa = PBXGroup;
			children = (
				A16484A31E243834008EC78C /* PrayerTests.swift */,
				A16484A51E243834008EC78C /* Info.plist */,
			);
			path = PrayerTests;
			sourceTree = "<group>";
		};
		A16484AD1E243834008EC78C /* PrayerUITests */ = {
			isa = PBXGroup;
			children = (
				A16484AE1E243834008EC78C /* PrayerUITests.swift */,
				A16484B01E243834008EC78C /* Info.plist */,
			);
			path = PrayerUITests;
			sourceTree = "<group>";
		};
/* End PBXGroup section */

/* Begin PBXNativeTarget section */
		A164848A1E243834008EC78C /* Prayer */ = {
			isa = PBXNativeTarget;
			buildConfigurationList = A16484B31E243834008EC78C /* Build configuration list for PBXNativeTarget "Prayer" */;
			buildPhases = (
				A16484871E243834008EC78C /* Sources */,
				A16484881E243834008EC78C /* Frameworks */,
				A16484891E243834008EC78C /* Resources */,
			);
			buildRules = (
			);
			dependencies = (
			);
			name = Prayer;
			productName = Prayer;
			productReference = A164848B1E243834008EC78C /* Prayer.app */;
			productType = "com.apple.product-type.application";
		};
		A164849E1E243834008EC78C /* PrayerTests */ = {
			isa = PBXNativeTarget;
			buildConfigurationList = A16484B61E243834008EC78C /* Build configuration list for PBXNativeTarget "PrayerTests" */;
			buildPhases = (
				A164849B1E243834008EC78C /* Sources */,
				A164849C1E243834008EC78C /* Frameworks */,
				A164849D1E243834008EC78C /* Resources */,
			);
			buildRules = (
			);
			dependencies = (
				A16484A11E243834008EC78C /* PBXTargetDependency */,
			);
			name = PrayerTests;
			productName = PrayerTests;
			productReference = A164849F1E243834008EC78C /* PrayerTests.xctest */;
			productType = "com.apple.product-type.bundle.unit-test";
		};
		A16484A91E243834008EC78C /* PrayerUITests */ = {
			isa = PBXNativeTarget;
			buildConfigurationList = A16484B91E243834008EC78C /* Build configuration list for PBXNativeTarget "PrayerUITests" */;
			buildPhases = (
				A16484A61E243834008EC78C /* Sources */,
				A16484A71E243834008EC78C /* Frameworks */,
				A16484A81E243834008EC78C /* Resources */,
			);
			buildRules = (
			);
			dependencies = (
				A16484AC1E243834008EC78C /* PBXTargetDependency */,
			);
			name = PrayerUITests;
			productName = PrayerUITests;
			productReference = A16484AA1E243834008EC78C /* PrayerUITests.xctest */;
			productType = "com.apple.product-type.bundle.ui-testing";
		};
/* End PBXNativeTarget section */

/* Begin PBXProject section */
		A16484831E243834008EC78C /* Project object */ = {
			isa = PBXProject;
			attributes = {
				LastSwiftUpdateCheck = 0820;
				LastUpgradeCheck = 0820;
				ORGANIZATIONNAME = Flinesoft;
				TargetAttributes = {
					A164848A1E243834008EC78C = {
						CreatedOnToolsVersion = 8.2.1;
						DevelopmentTeam = 767S6EFMJ8;
						ProvisioningStyle = Automatic;
					};
					A164849E1E243834008EC78C = {
						CreatedOnToolsVersion = 8.2.1;
						DevelopmentTeam = 767S6EFMJ8;
						ProvisioningStyle = Automatic;
						TestTargetID = A164848A1E243834008EC78C;
					};
					A16484A91E243834008EC78C = {
						CreatedOnToolsVersion = 8.2.1;
						DevelopmentTeam = 767S6EFMJ8;
						ProvisioningStyle = Automatic;
						TestTargetID = A164848A1E243834008EC78C;
					};
				};
			};
			buildConfigurationList = A16484861E243834008EC78C /* Build configuration list for PBXProject "Prayer" */;
			compatibilityVersion = "Xcode 3.2";
			developmentRegion = English;
			hasScannedForEncodings = 0;
			knownRegions = (
				en,
				Base,
			);
			mainGroup = A16484821E243834008EC78C;
			productRefGroup = A164848C1E243834008EC78C /* Products */;
			projectDirPath = "";
			projectRoot = "";
			targets = (
				A164848A1E243834008EC78C /* Prayer */,
				A164849E1E243834008EC78C /* PrayerTests */,
				A16484A91E243834008EC78C /* PrayerUITests */,
			);
		};
/* End PBXProject section */

/* Begin PBXResourcesBuildPhase section */
		A16484891E243834008EC78C /* Resources */ = {
			isa = PBXResourcesBuildPhase;
			buildActionMask = 2147483647;
			files = (
				A16484991E243834008EC78C /* LaunchScreen.storyboard in Resources */,
				A16484961E243834008EC78C /* Assets.xcassets in Resources */,
				A16484941E243834008EC78C /* Main.storyboard in Resources */,
			);
			runOnlyForDeploymentPostprocessing = 0;
		};
		A164849D1E243834008EC78C /* Resources */ = {
			isa = PBXResourcesBuildPhase;
			buildActionMask = 2147483647;
			files = (
			);
			runOnlyForDeploymentPostprocessing = 0;
		};
		A16484A81E243834008EC78C /* Resources */ = {
			isa = PBXResourcesBuildPhase;
			buildActionMask = 2147483647;
			files = (
			);
			runOnlyForDeploymentPostprocessing = 0;
		};
/* End PBXResourcesBuildPhase section */

/* Begin PBXSourcesBuildPhase section */
		A16484871E243834008EC78C /* Sources */ = {
			isa = PBXSourcesBuildPhase;
			buildActionMask = 2147483647;
			files = (
				A16484911E243834008EC78C /* ViewController.swift in Sources */,
				A164848F1E243834008EC78C /* AppDelegate.swift in Sources */,
			);
			runOnlyForDeploymentPostprocessing = 0;
		};
		A164849B1E243834008EC78C /* Sources */ = {
			isa = PBXSourcesBuildPhase;
			buildActionMask = 2147483647;
			files = (
				A16484A41E243834008EC78C /* PrayerTests.swift in Sources */,
			);
			runOnlyForDeploymentPostprocessing = 0;
		};
		A16484A61E243834008EC78C /* Sources */ = {
			isa = PBXSourcesBuildPhase;
			buildActionMask = 2147483647;
			files = (
				A16484AF1E243834008EC78C /* PrayerUITests.swift in Sources */,
			);
			runOnlyForDeploymentPostprocessing = 0;
		};
/* End PBXSourcesBuildPhase section */

/* Begin PBXTargetDependency section */
		A16484A11E243834008EC78C /* PBXTargetDependency */ = {
			isa = PBXTargetDependency;
			target = A164848A1E243834008EC78C /* Prayer */;
			targetProxy = A16484A01E243834008EC78C /* PBXContainerItemProxy */;
		};
		A16484AC1E243834008EC78C /* PBXTargetDependency */ = {
			isa = PBXTargetDependency;
			target = A164848A1E243834008EC78C /* Prayer */;
			targetProxy = A16484AB1E243834008EC78C /* PBXContainerItemProxy */;
		};
/* End PBXTargetDependency section */

/* Begin PBXVariantGroup section */
		A16484921E243834008EC78C /* Main.storyboard */ = {
			isa = PBXVariantGroup;
			children = (
				A16484931E243834008EC78C /* Base */,
			);
			name = Main.storyboard;
			sourceTree = "<group>";
		};
		A16484971E243834008EC78C /* LaunchScreen.storyboard */ = {
			isa = PBXVariantGroup;
			children = (
				A16484981E243834008EC78C /* Base */,
			);
			name = LaunchScreen.storyboard;
			sourceTree = "<group>";
		};
/* End PBXVariantGroup section */

/* Begin XCBuildConfiguration section */
		A16484B11E243834008EC78C /* Debug */ = {
			isa = XCBuildConfiguration;
			buildSettings = {
				ALWAYS_SEARCH_USER_PATHS = NO;
				CLANG_ANALYZER_NONNULL = YES;
				CLANG_CXX_LANGUAGE_STANDARD = "gnu++0x";
				CLANG_CXX_LIBRARY = "libc++";
				CLANG_ENABLE_MODULES = YES;
				CLANG_ENABLE_OBJC_ARC = YES;
				CLANG_WARN_BOOL_CONVERSION = YES;
				CLANG_WARN_CONSTANT_CONVERSION = YES;
				CLANG_WARN_DIRECT_OBJC_ISA_USAGE = YES_ERROR;
				CLANG_WARN_DOCUMENTATION_COMMENTS = YES;
				CLANG_WARN_EMPTY_BODY = YES;
				CLANG_WARN_ENUM_CONVERSION = YES;
				CLANG_WARN_INFINITE_RECURSION = YES;
				CLANG_WARN_INT_CONVERSION = YES;
				CLANG_WARN_OBJC_ROOT_CLASS = YES_ERROR;
				CLANG_WARN_SUSPICIOUS_MOVE = YES;
				CLANG_WARN_UNREACHABLE_CODE = YES;
				CLANG_WARN__DUPLICATE_METHOD_MATCH = YES;
				"CODE_SIGN_IDENTITY[sdk=iphoneos*]" = "iPhone Developer";
				COPY_PHASE_STRIP = NO;
				DEBUG_INFORMATION_FORMAT = dwarf;
				ENABLE_STRICT_OBJC_MSGSEND = YES;
				ENABLE_TESTABILITY = YES;
				GCC_C_LANGUAGE_STANDARD = gnu99;
				GCC_DYNAMIC_NO_PIC = NO;
				GCC_NO_COMMON_BLOCKS = YES;
				GCC_OPTIMIZATION_LEVEL = 0;
				GCC_PREPROCESSOR_DEFINITIONS = (
					"DEBUG=1",
					"$(inherited)",
				);
				GCC_WARN_64_TO_32_BIT_CONVERSION = YES;
				GCC_WARN_ABOUT_RETURN_TYPE = YES_ERROR;
				GCC_WARN_UNDECLARED_SELECTOR = YES;
				GCC_WARN_UNINITIALIZED_AUTOS = YES_AGGRESSIVE;
				GCC_WARN_UNUSED_FUNCTION = YES;
				GCC_WARN_UNUSED_VARIABLE = YES;
				IPHONEOS_DEPLOYMENT_TARGET = 10.2;
				MTL_ENABLE_DEBUG_INFO = YES;
				ONLY_ACTIVE_ARCH = YES;
				SDKROOT = iphoneos;
				SWIFT_ACTIVE_COMPILATION_CONDITIONS = DEBUG;
				SWIFT_OPTIMIZATION_LEVEL = "-Onone";
				TARGETED_DEVICE_FAMILY = "1,2";
			};
			name = Debug;
		};
		A16484B21E243834008EC78C /* Release */ = {
			isa = XCBuildConfiguration;
			buildSettings = {
				ALWAYS_SEARCH_USER_PATHS = NO;
				CLANG_ANALYZER_NONNULL = YES;
				CLANG_CXX_LANGUAGE_STANDARD = "gnu++0x";
				CLANG_CXX_LIBRARY = "libc++";
				CLANG_ENABLE_MODULES = YES;
				CLANG_ENABLE_OBJC_ARC = YES;
				CLANG_WARN_BOOL_CONVERSION = YES;
				CLANG_WARN_CONSTANT_CONVERSION = YES;
				CLANG_WARN_DIRECT_OBJC_ISA_USAGE = YES_ERROR;
				CLANG_WARN_DOCUMENTATION_COMMENTS = YES;
				CLANG_WARN_EMPTY_BODY = YES;
				CLANG_WARN_ENUM_CONVERSION = YES;
				CLANG_WARN_INFINITE_RECURSION = YES;
				CLANG_WARN_INT_CONVERSION = YES;
				CLANG_WARN_OBJC_ROOT_CLASS = YES_ERROR;
				CLANG_WARN_SUSPICIOUS_MOVE = YES;
				CLANG_WARN_UNREACHABLE_CODE = YES;
				CLANG_WARN__DUPLICATE_METHOD_MATCH = YES;
				"CODE_SIGN_IDENTITY[sdk=iphoneos*]" = "iPhone Developer";
				COPY_PHASE_STRIP = NO;
				DEBUG_INFORMATION_FORMAT = "dwarf-with-dsym";
				ENABLE_NS_ASSERTIONS = NO;
				ENABLE_STRICT_OBJC_MSGSEND = YES;
				GCC_C_LANGUAGE_STANDARD = gnu99;
				GCC_NO_COMMON_BLOCKS = YES;
				GCC_WARN_64_TO_32_BIT_CONVERSION = YES;
				GCC_WARN_ABOUT_RETURN_TYPE = YES_ERROR;
				GCC_WARN_UNDECLARED_SELECTOR = YES;
				GCC_WARN_UNINITIALIZED_AUTOS = YES_AGGRESSIVE;
				GCC_WARN_UNUSED_FUNCTION = YES;
				GCC_WARN_UNUSED_VARIABLE = YES;
				IPHONEOS_DEPLOYMENT_TARGET = 10.2;
				MTL_ENABLE_DEBUG_INFO = NO;
				SDKROOT = iphoneos;
				SWIFT_OPTIMIZATION_LEVEL = "-Owholemodule";
				TARGETED_DEVICE_FAMILY = "1,2";
				VALIDATE_PRODUCT = YES;
			};
			name = Release;
		};
		A16484B41E243834008EC78C /* Debug */ = {
			isa = XCBuildConfiguration;
			buildSettings = {
				ASSETCATALOG_COMPILER_APPICON_NAME = AppIcon;
				DEVELOPMENT_TEAM = 767S6EFMJ8;
				INFOPLIST_FILE = Prayer/Info.plist;
				LD_RUNPATH_SEARCH_PATHS = "$(inherited) @executable_path/Frameworks";
				PRODUCT_BUNDLE_IDENTIFIER = com.flinesoft.Prayer;
				PRODUCT_NAME = "$(TARGET_NAME)";
				SWIFT_VERSION = 3.0;
			};
			name = Debug;
		};
		A16484B51E243834008EC78C /* Release */ = {
			isa = XCBuildConfiguration;
			buildSettings = {
				ASSETCATALOG_COMPILER_APPICON_NAME = AppIcon;
				DEVELOPMENT_TEAM = 767S6EFMJ8;
				INFOPLIST_FILE = Prayer/Info.plist;
				LD_RUNPATH_SEARCH_PATHS = "$(inherited) @executable_path/Frameworks";
				PRODUCT_BUNDLE_IDENTIFIER = com.flinesoft.Prayer;
				PRODUCT_NAME = "$(TARGET_NAME)";
				SWIFT_VERSION = 3.0;
			};
			name = Release;
		};
		A16484B71E243834008EC78C /* Debug */ = {
			isa = XCBuildConfiguration;
			buildSettings = {
				ALWAYS_EMBED_SWIFT_STANDARD_LIBRARIES = YES;
				BUNDLE_LOADER = "$(TEST_HOST)";
				DEVELOPMENT_TEAM = 767S6EFMJ8;
				INFOPLIST_FILE = PrayerTests/Info.plist;
				LD_RUNPATH_SEARCH_PATHS = "$(inherited) @executable_path/Frameworks @loader_path/Frameworks";
				PRODUCT_BUNDLE_IDENTIFIER = com.flinesoft.PrayerTests;
				PRODUCT_NAME = "$(TARGET_NAME)";
				SWIFT_VERSION = 3.0;
				TEST_HOST = "$(BUILT_PRODUCTS_DIR)/Prayer.app/Prayer";
			};
			name = Debug;
		};
		A16484B81E243834008EC78C /* Release */ = {
			isa = XCBuildConfiguration;
			buildSettings = {
				ALWAYS_EMBED_SWIFT_STANDARD_LIBRARIES = YES;
				BUNDLE_LOADER = "$(TEST_HOST)";
				DEVELOPMENT_TEAM = 767S6EFMJ8;
				INFOPLIST_FILE = PrayerTests/Info.plist;
				LD_RUNPATH_SEARCH_PATHS = "$(inherited) @executable_path/Frameworks @loader_path/Frameworks";
				PRODUCT_BUNDLE_IDENTIFIER = com.flinesoft.PrayerTests;
				PRODUCT_NAME = "$(TARGET_NAME)";
				SWIFT_VERSION = 3.0;
				TEST_HOST = "$(BUILT_PRODUCTS_DIR)/Prayer.app/Prayer";
			};
			name = Release;
		};
		A16484BA1E243834008EC78C /* Debug */ = {
			isa = XCBuildConfiguration;
			buildSettings = {
				ALWAYS_EMBED_SWIFT_STANDARD_LIBRARIES = YES;
				DEVELOPMENT_TEAM = 767S6EFMJ8;
				INFOPLIST_FILE = PrayerUITests/Info.plist;
				LD_RUNPATH_SEARCH_PATHS = "$(inherited) @executable_path/Frameworks @loader_path/Frameworks";
				PRODUCT_BUNDLE_IDENTIFIER = com.flinesoft.PrayerUITests;
				PRODUCT_NAME = "$(TARGET_NAME)";
				SWIFT_VERSION = 3.0;
				TEST_TARGET_NAME = Prayer;
			};
			name = Debug;
		};
		A16484BB1E243834008EC78C /* Release */ = {
			isa = XCBuildConfiguration;
			buildSettings = {
				ALWAYS_EMBED_SWIFT_STANDARD_LIBRARIES = YES;
				DEVELOPMENT_TEAM = 767S6EFMJ8;
				INFOPLIST_FILE = PrayerUITests/Info.plist;
				LD_RUNPATH_SEARCH_PATHS = "$(inherited) @executable_path/Frameworks @loader_path/Frameworks";
				PRODUCT_BUNDLE_IDENTIFIER = com.flinesoft.PrayerUITests;
				PRODUCT_NAME = "$(TARGET_NAME)";
				SWIFT_VERSION = 3.0;
				TEST_TARGET_NAME = Prayer;
			};
			name = Release;
		};
/* End XCBuildConfiguration section */

/* Begin XCConfigurationList section */
		A16484861E243834008EC78C /* Build configuration list for PBXProject "Prayer" */ = {
			isa = XCConfigurationList;
			buildConfigurations = (
				A16484B11E243834008EC78C /* Debug */,
				A16484B21E243834008EC78C /* Release */,
			);
			defaultConfigurationIsVisible = 0;
			defaultConfigurationName = Release;
		};
		A16484B31E243834008EC78C /* Build configuration list for PBXNativeTarget "Prayer" */ = {
			isa = XCConfigurationList;
			buildConfigurations = (
				A16484B41E243834008EC78C /* Debug */,
				A16484B51E243834008EC78C /* Release */,
			);
			defaultConfigurationIsVisible = 0;
		};
		A16484B61E243834008EC78C /* Build configuration list for PBXNativeTarget "PrayerTests" */ = {
			isa = XCConfigurationList;
			buildConfigurations = (
				A16484B71E243834008EC78C /* Debug */,
				A16484B81E243834008EC78C /* Release */,
			);
			defaultConfigurationIsVisible = 0;
		};
		A16484B91E243834008EC78C /* Build configuration list for PBXNativeTarget "PrayerUITests" */ = {
			isa = XCConfigurationList;
			buildConfigurations = (
				A16484BA1E243834008EC78C /* Debug */,
				A16484BB1E243834008EC78C /* Release */,
			);
			defaultConfigurationIsVisible = 0;
		};
/* End XCConfigurationList section */
	};
	rootObject = A16484831E243834008EC78C /* Project object */;
}
