{
  "object": {
    "pins": [
      {
        "package": "Eureka",
        "repositoryURL": "https://github.com/xmartlabs/Eureka",
        "state": {
          "branch": null,
          "revision": "975e8d5e0ea3c86aff828537b2d4abe4430d6312",
          "version": "5.3.4"
        }
      },
      {
        "package": "HandySwift",
        "repositoryURL": "https://github.com/Flinesoft/HandySwift",
        "state": {
          "branch": null,
          "revision": "5d6a6df5232eff28f9f71048e5745706d02be1f8",
          "version": "3.4.0"
        }
      },
      {
        "package": "HandyUIKit",
        "repositoryURL": "https://github.com/Flinesoft/HandyUIKit",
        "state": {
          "branch": null,
          "revision": "630ad7b1d210519391a1f637bbfc2d10bc829946",
          "version": "1.9.2"
        }
      },
      {
        "package": "Imperio",
        "repositoryURL": "https://github.com/Flinesoft/Imperio",
        "state": {
          "branch": null,
          "revision": "238b9bc7de239d3e99a03ba94157d49a4ecd8b61",
          "version": "3.0.2"
        }
      },
      {
        "package": "MungoHealer",
        "repositoryURL": "https://github.com/Flinesoft/MungoHealer",
        "state": {
          "branch": "main",
          "revision": "8464370aa2cc23917458a7cee1d5ccd167daa7f5",
          "version": null
        }
      },
      {
        "package": "SwiftyBeaver",
        "repositoryURL": "https://github.com/SwiftyBeaver/SwiftyBeaver",
        "state": {
          "branch": null,
          "revision": "2c039501d6eeb4d4cd4aec4a8d884ad28862e044",
          "version": "1.9.5"
        }
      },
      {
        "package": "SwiftyTimer",
        "repositoryURL": "https://github.com/janlionly/SwiftyTimer",
        "state": {
          "branch": "master",
          "revision": "cd1c75bc1b72b7a7224ad8e8197b97d367aadbcf",
          "version": null
        }
      },
      {
        "package": "SwiftyUserDefaults",
        "repositoryURL": "https://github.com/sunshinejr/SwiftyUserDefaults",
        "state": {
          "branch": null,
          "revision": "f66bcd04088582c8fbb5cb8554d577e303bae396",
          "version": "5.3.0"
        }
      }
    ]
  },
  "version": 1
}
